// !$*UTF8*$!
{
	archiveVersion = 1;
	classes = {
	};
	objectVersion = 50;
	objects = {

/* Begin PBXBuildFile section */
		1102DDAF2601A70300BDBBA3 /* F.wav in Resources */ = {isa = PBXBuildFile; fileRef = 1102DDAA2601A70300BDBBA3 /* F.wav */; };
		1102DDB02601A70300BDBBA3 /* G.wav in Resources */ = {isa = PBXBuildFile; fileRef = 1102DDAB2601A70300BDBBA3 /* G.wav */; };
		1102DDB12601A70300BDBBA3 /* D.wav in Resources */ = {isa = PBXBuildFile; fileRef = 1102DDAC2601A70300BDBBA3 /* D.wav */; };
		1102DDB22601A70300BDBBA3 /* E.wav in Resources */ = {isa = PBXBuildFile; fileRef = 1102DDAD2601A70300BDBBA3 /* E.wav */; };
		1102DDB32601A70300BDBBA3 /* C.wav in Resources */ = {isa = PBXBuildFile; fileRef = 1102DDAE2601A70300BDBBA3 /* C.wav */; };
		1102DDB8260300DF00BDBBA3 /* CountDownViewController.swift in Sources */ = {isa = PBXBuildFile; fileRef = 1102DDB7260300DF00BDBBA3 /* CountDownViewController.swift */; };
		1102DDBB260300F400BDBBA3 /* CountdownTimer.storyboard in Resources */ = {isa = PBXBuildFile; fileRef = 1102DDBA260300F400BDBBA3 /* CountdownTimer.storyboard */; };
		1102DDBF2604210200BDBBA3 /* Quizzz.storyboard in Resources */ = {isa = PBXBuildFile; fileRef = 1102DDBE2604210200BDBBA3 /* Quizzz.storyboard */; };
		1102DDC22604211800BDBBA3 /* QuizzViewController.swift in Sources */ = {isa = PBXBuildFile; fileRef = 1102DDC12604211800BDBBA3 /* QuizzViewController.swift */; };
		1102DDC62605020700BDBBA3 /* Question.swift in Sources */ = {isa = PBXBuildFile; fileRef = 1102DDC52605020700BDBBA3 /* Question.swift */; };
		1102DDD026096B8600BDBBA3 /* QuizHub.swift in Sources */ = {isa = PBXBuildFile; fileRef = 1102DDCF26096B8500BDBBA3 /* QuizHub.swift */; };
		1102DE45260AE61F00BDBBA3 /* Destiny.storyboard in Resources */ = {isa = PBXBuildFile; fileRef = 1102DE44260AE61F00BDBBA3 /* Destiny.storyboard */; };
		1102DE48260AE71500BDBBA3 /* MultiOptionQuestion.swift in Sources */ = {isa = PBXBuildFile; fileRef = 1102DE47260AE71500BDBBA3 /* MultiOptionQuestion.swift */; };
		1102DE4B260C3D1600BDBBA3 /* QuizzzMultipleChoice.storyboard in Resources */ = {isa = PBXBuildFile; fileRef = 1102DE4A260C3D1600BDBBA3 /* QuizzzMultipleChoice.storyboard */; };
		1102DE4E260C3F4100BDBBA3 /* QuizzMultipleChoiceViewController.swift in Sources */ = {isa = PBXBuildFile; fileRef = 1102DE4D260C3F4100BDBBA3 /* QuizzMultipleChoiceViewController.swift */; };
		1102DE5226142E5E00BDBBA3 /* StoryHub.swift in Sources */ = {isa = PBXBuildFile; fileRef = 1102DE5126142E5E00BDBBA3 /* StoryHub.swift */; };
		1102DE5526142E6D00BDBBA3 /* Story.swift in Sources */ = {isa = PBXBuildFile; fileRef = 1102DE5426142E6D00BDBBA3 /* Story.swift */; };
		1102DE5826252A9300BDBBA3 /* DestinyViewController.swift in Sources */ = {isa = PBXBuildFile; fileRef = 1102DE5726252A9300BDBBA3 /* DestinyViewController.swift */; };
		1141C7EB2547C15100FE8166 /* Animation.storyboard in Resources */ = {isa = PBXBuildFile; fileRef = 1141C7EA2547C15100FE8166 /* Animation.storyboard */; };
		1141C7EE2547C3EC00FE8166 /* BonusViewController.swift in Sources */ = {isa = PBXBuildFile; fileRef = 1141C7ED2547C3EC00FE8166 /* BonusViewController.swift */; };
		1155B20E21EC201E00D08EAF /* AboutViewController.swift in Sources */ = {isa = PBXBuildFile; fileRef = 1155B20D21EC201E00D08EAF /* AboutViewController.swift */; };
		1155B21221EECD5700D08EAF /* About.html in Resources */ = {isa = PBXBuildFile; fileRef = 1155B21121EECD5700D08EAF /* About.html */; };
		118E5247262543E300BA8824 /* BMICalculator.storyboard in Resources */ = {isa = PBXBuildFile; fileRef = 118E5246262543E300BA8824 /* BMICalculator.storyboard */; };
		118E524C262694CC00BA8824 /* BMICalculatorViewController.swift in Sources */ = {isa = PBXBuildFile; fileRef = 118E524B262694CC00BA8824 /* BMICalculatorViewController.swift */; };
		1190E92521DF089C001F52C4 /* AppDelegate.swift in Sources */ = {isa = PBXBuildFile; fileRef = 1190E92421DF089C001F52C4 /* AppDelegate.swift */; };
		1190E92721DF089C001F52C4 /* ViewController.swift in Sources */ = {isa = PBXBuildFile; fileRef = 1190E92621DF089C001F52C4 /* ViewController.swift */; };
		1190E92A21DF089C001F52C4 /* Main.storyboard in Resources */ = {isa = PBXBuildFile; fileRef = 1190E92821DF089C001F52C4 /* Main.storyboard */; };
		1190E92C21DF089E001F52C4 /* Assets.xcassets in Resources */ = {isa = PBXBuildFile; fileRef = 1190E92B21DF089E001F52C4 /* Assets.xcassets */; };
		1190E92F21DF089E001F52C4 /* LaunchScreen.storyboard in Resources */ = {isa = PBXBuildFile; fileRef = 1190E92D21DF089E001F52C4 /* LaunchScreen.storyboard */; };
		1193D235260053F800799C6D /* Calculator.storyboard in Resources */ = {isa = PBXBuildFile; fileRef = 1193D234260053F800799C6D /* Calculator.storyboard */; };
		1193D239260194E500799C6D /* Keyboard.storyboard in Resources */ = {isa = PBXBuildFile; fileRef = 1193D238260194E500799C6D /* Keyboard.storyboard */; };
		1193D24726019C2100799C6D /* KeyboardViewController.swift in Sources */ = {isa = PBXBuildFile; fileRef = 1193D24626019C2100799C6D /* KeyboardViewController.swift */; };
		11EA25DE265467C200678CE7 /* WeatherResponse.swift in Sources */ = {isa = PBXBuildFile; fileRef = 11EA25DD265467C100678CE7 /* WeatherResponse.swift */; };
		11ED017E263BB6B000D5C087 /* ResultViewController.swift in Sources */ = {isa = PBXBuildFile; fileRef = 11ED017D263BB6B000D5C087 /* ResultViewController.swift */; };
		11ED01852640E6E800D5C087 /* BmiCalculator.swift in Sources */ = {isa = PBXBuildFile; fileRef = 11ED01842640E6E800D5C087 /* BmiCalculator.swift */; };
		11ED018826423B6800D5C087 /* Tipsplit.storyboard in Resources */ = {isa = PBXBuildFile; fileRef = 11ED018726423B6800D5C087 /* Tipsplit.storyboard */; };
		11ED018B26423BBB00D5C087 /* TipCalculatorViewController.swift in Sources */ = {isa = PBXBuildFile; fileRef = 11ED018A26423BBB00D5C087 /* TipCalculatorViewController.swift */; };
		11ED018E26423C2400D5C087 /* TipCalculator.swift in Sources */ = {isa = PBXBuildFile; fileRef = 11ED018D26423C2400D5C087 /* TipCalculator.swift */; };
		11ED01922642408200D5C087 /* TipResultViewController.swift in Sources */ = {isa = PBXBuildFile; fileRef = 11ED01912642408200D5C087 /* TipResultViewController.swift */; };
		11ED019C264CCFDD00D5C087 /* WeatherViewController.swift in Sources */ = {isa = PBXBuildFile; fileRef = 11ED019B264CCFDD00D5C087 /* WeatherViewController.swift */; };
		11ED01A0264CD00400D5C087 /* Weather.storyboard in Resources */ = {isa = PBXBuildFile; fileRef = 11ED019F264CD00400D5C087 /* Weather.storyboard */; };
		11ED01A3264CD0CF00D5C087 /* WeatherHub.swift in Sources */ = {isa = PBXBuildFile; fileRef = 11ED01A2264CD0CF00D5C087 /* WeatherHub.swift */; };
/* End PBXBuildFile section */

/* Begin PBXFileReference section */
		1102DDAA2601A70300BDBBA3 /* F.wav */ = {isa = PBXFileReference; lastKnownFileType = audio.wav; path = F.wav; sourceTree = "<group>"; };
		1102DDAB2601A70300BDBBA3 /* G.wav */ = {isa = PBXFileReference; lastKnownFileType = audio.wav; path = G.wav; sourceTree = "<group>"; };
		1102DDAC2601A70300BDBBA3 /* D.wav */ = {isa = PBXFileReference; lastKnownFileType = audio.wav; path = D.wav; sourceTree = "<group>"; };
		1102DDAD2601A70300BDBBA3 /* E.wav */ = {isa = PBXFileReference; lastKnownFileType = audio.wav; path = E.wav; sourceTree = "<group>"; };
		1102DDAE2601A70300BDBBA3 /* C.wav */ = {isa = PBXFileReference; lastKnownFileType = audio.wav; path = C.wav; sourceTree = "<group>"; };
		1102DDB7260300DF00BDBBA3 /* CountDownViewController.swift */ = {isa = PBXFileReference; lastKnownFileType = sourcecode.swift; path = CountDownViewController.swift; sourceTree = "<group>"; };
		1102DDBA260300F400BDBBA3 /* CountdownTimer.storyboard */ = {isa = PBXFileReference; lastKnownFileType = file.storyboard; path = CountdownTimer.storyboard; sourceTree = "<group>"; };
		1102DDBE2604210200BDBBA3 /* Quizzz.storyboard */ = {isa = PBXFileReference; lastKnownFileType = file.storyboard; path = Quizzz.storyboard; sourceTree = "<group>"; };
		1102DDC12604211800BDBBA3 /* QuizzViewController.swift */ = {isa = PBXFileReference; lastKnownFileType = sourcecode.swift; path = QuizzViewController.swift; sourceTree = "<group>"; };
		1102DDC52605020700BDBBA3 /* Question.swift */ = {isa = PBXFileReference; lastKnownFileType = sourcecode.swift; path = Question.swift; sourceTree = "<group>"; };
		1102DDCF26096B8500BDBBA3 /* QuizHub.swift */ = {isa = PBXFileReference; lastKnownFileType = sourcecode.swift; path = QuizHub.swift; sourceTree = "<group>"; };
		1102DE44260AE61F00BDBBA3 /* Destiny.storyboard */ = {isa = PBXFileReference; lastKnownFileType = file.storyboard; path = Destiny.storyboard; sourceTree = "<group>"; };
		1102DE47260AE71500BDBBA3 /* MultiOptionQuestion.swift */ = {isa = PBXFileReference; lastKnownFileType = sourcecode.swift; path = MultiOptionQuestion.swift; sourceTree = "<group>"; };
		1102DE4A260C3D1600BDBBA3 /* QuizzzMultipleChoice.storyboard */ = {isa = PBXFileReference; lastKnownFileType = file.storyboard; path = QuizzzMultipleChoice.storyboard; sourceTree = "<group>"; };
		1102DE4D260C3F4100BDBBA3 /* QuizzMultipleChoiceViewController.swift */ = {isa = PBXFileReference; lastKnownFileType = sourcecode.swift; path = QuizzMultipleChoiceViewController.swift; sourceTree = "<group>"; };
		1102DE5126142E5E00BDBBA3 /* StoryHub.swift */ = {isa = PBXFileReference; lastKnownFileType = sourcecode.swift; path = StoryHub.swift; sourceTree = "<group>"; };
		1102DE5426142E6D00BDBBA3 /* Story.swift */ = {isa = PBXFileReference; lastKnownFileType = sourcecode.swift; path = Story.swift; sourceTree = "<group>"; };
		1102DE5726252A9300BDBBA3 /* DestinyViewController.swift */ = {isa = PBXFileReference; lastKnownFileType = sourcecode.swift; path = DestinyViewController.swift; sourceTree = "<group>"; };
		1141C7EA2547C15100FE8166 /* Animation.storyboard */ = {isa = PBXFileReference; lastKnownFileType = file.storyboard; path = Animation.storyboard; sourceTree = "<group>"; };
		1141C7ED2547C3EC00FE8166 /* BonusViewController.swift */ = {isa = PBXFileReference; lastKnownFileType = sourcecode.swift; path = BonusViewController.swift; sourceTree = "<group>"; };
		1155B20D21EC201E00D08EAF /* AboutViewController.swift */ = {isa = PBXFileReference; lastKnownFileType = sourcecode.swift; path = AboutViewController.swift; sourceTree = "<group>"; };
		1155B21121EECD5700D08EAF /* About.html */ = {isa = PBXFileReference; fileEncoding = 4; lastKnownFileType = text.html; path = About.html; sourceTree = "<group>"; };
		118E5246262543E300BA8824 /* BMICalculator.storyboard */ = {isa = PBXFileReference; lastKnownFileType = file.storyboard; path = BMICalculator.storyboard; sourceTree = "<group>"; };
		118E524B262694CC00BA8824 /* BMICalculatorViewController.swift */ = {isa = PBXFileReference; lastKnownFileType = sourcecode.swift; path = BMICalculatorViewController.swift; sourceTree = "<group>"; };
		1190E92121DF089C001F52C4 /* Playground.app */ = {isa = PBXFileReference; explicitFileType = wrapper.application; includeInIndex = 0; path = Playground.app; sourceTree = BUILT_PRODUCTS_DIR; };
		1190E92421DF089C001F52C4 /* AppDelegate.swift */ = {isa = PBXFileReference; lastKnownFileType = sourcecode.swift; path = AppDelegate.swift; sourceTree = "<group>"; };
		1190E92621DF089C001F52C4 /* ViewController.swift */ = {isa = PBXFileReference; lastKnownFileType = sourcecode.swift; path = ViewController.swift; sourceTree = "<group>"; };
		1190E92921DF089C001F52C4 /* Base */ = {isa = PBXFileReference; lastKnownFileType = file.storyboard; name = Base; path = Base.lproj/Main.storyboard; sourceTree = "<group>"; };
		1190E92B21DF089E001F52C4 /* Assets.xcassets */ = {isa = PBXFileReference; lastKnownFileType = folder.assetcatalog; path = Assets.xcassets; sourceTree = "<group>"; };
		1190E92E21DF089E001F52C4 /* Base */ = {isa = PBXFileReference; lastKnownFileType = file.storyboard; name = Base; path = Base.lproj/LaunchScreen.storyboard; sourceTree = "<group>"; };
		1190E93021DF089E001F52C4 /* Info.plist */ = {isa = PBXFileReference; lastKnownFileType = text.plist.xml; path = Info.plist; sourceTree = "<group>"; };
		1193D234260053F800799C6D /* Calculator.storyboard */ = {isa = PBXFileReference; lastKnownFileType = file.storyboard; path = Calculator.storyboard; sourceTree = "<group>"; };
		1193D238260194E500799C6D /* Keyboard.storyboard */ = {isa = PBXFileReference; lastKnownFileType = file.storyboard; path = Keyboard.storyboard; sourceTree = "<group>"; };
		1193D24626019C2100799C6D /* KeyboardViewController.swift */ = {isa = PBXFileReference; lastKnownFileType = sourcecode.swift; path = KeyboardViewController.swift; sourceTree = "<group>"; };
		11EA25DD265467C100678CE7 /* WeatherResponse.swift */ = {isa = PBXFileReference; lastKnownFileType = sourcecode.swift; path = WeatherResponse.swift; sourceTree = "<group>"; };
		11ED017D263BB6B000D5C087 /* ResultViewController.swift */ = {isa = PBXFileReference; lastKnownFileType = sourcecode.swift; path = ResultViewController.swift; sourceTree = "<group>"; };
		11ED01842640E6E800D5C087 /* BmiCalculator.swift */ = {isa = PBXFileReference; lastKnownFileType = sourcecode.swift; path = BmiCalculator.swift; sourceTree = "<group>"; };
		11ED018726423B6800D5C087 /* Tipsplit.storyboard */ = {isa = PBXFileReference; lastKnownFileType = file.storyboard; path = Tipsplit.storyboard; sourceTree = "<group>"; };
		11ED018A26423BBB00D5C087 /* TipCalculatorViewController.swift */ = {isa = PBXFileReference; lastKnownFileType = sourcecode.swift; path = TipCalculatorViewController.swift; sourceTree = "<group>"; };
		11ED018D26423C2400D5C087 /* TipCalculator.swift */ = {isa = PBXFileReference; lastKnownFileType = sourcecode.swift; path = TipCalculator.swift; sourceTree = "<group>"; };
		11ED01912642408200D5C087 /* TipResultViewController.swift */ = {isa = PBXFileReference; lastKnownFileType = sourcecode.swift; path = TipResultViewController.swift; sourceTree = "<group>"; };
		11ED019B264CCFDD00D5C087 /* WeatherViewController.swift */ = {isa = PBXFileReference; lastKnownFileType = sourcecode.swift; path = WeatherViewController.swift; sourceTree = "<group>"; };
		11ED019F264CD00400D5C087 /* Weather.storyboard */ = {isa = PBXFileReference; lastKnownFileType = file.storyboard; path = Weather.storyboard; sourceTree = "<group>"; };
		11ED01A2264CD0CF00D5C087 /* WeatherHub.swift */ = {isa = PBXFileReference; lastKnownFileType = sourcecode.swift; path = WeatherHub.swift; sourceTree = "<group>"; };
/* End PBXFileReference section */

/* Begin PBXFrameworksBuildPhase section */
		1190E91E21DF089C001F52C4 /* Frameworks */ = {
			isa = PBXFrameworksBuildPhase;
			buildActionMask = 2147483647;
			files = (
			);
			runOnlyForDeploymentPostprocessing = 0;
		};
/* End PBXFrameworksBuildPhase section */

/* Begin PBXGroup section */
		1102DDB52601A71D00BDBBA3 /* sounds */ = {
			isa = PBXGroup;
			children = (
				1102DDAE2601A70300BDBBA3 /* C.wav */,
				1102DDAC2601A70300BDBBA3 /* D.wav */,
				1102DDAD2601A70300BDBBA3 /* E.wav */,
				1102DDAA2601A70300BDBBA3 /* F.wav */,
				1102DDAB2601A70300BDBBA3 /* G.wav */,
			);
			path = sounds;
			sourceTree = "<group>";
		};
		1102DDC826096A8200BDBBA3 /* view */ = {
			isa = PBXGroup;
			children = (
				1102DDBA260300F400BDBBA3 /* CountdownTimer.storyboard */,
				1193D238260194E500799C6D /* Keyboard.storyboard */,
				1141C7EA2547C15100FE8166 /* Animation.storyboard */,
				1190E92D21DF089E001F52C4 /* LaunchScreen.storyboard */,
				1193D234260053F800799C6D /* Calculator.storyboard */,
				1190E92821DF089C001F52C4 /* Main.storyboard */,
				1102DDBE2604210200BDBBA3 /* Quizzz.storyboard */,
				1102DE44260AE61F00BDBBA3 /* Destiny.storyboard */,
				1102DE4A260C3D1600BDBBA3 /* QuizzzMultipleChoice.storyboard */,
				118E5246262543E300BA8824 /* BMICalculator.storyboard */,
				11ED018726423B6800D5C087 /* Tipsplit.storyboard */,
				11ED019F264CD00400D5C087 /* Weather.storyboard */,
			);
			path = view;
			sourceTree = "<group>";
		};
		1102DDCA26096B1800BDBBA3 /* model */ = {
			isa = PBXGroup;
			children = (
				1102DDC52605020700BDBBA3 /* Question.swift */,
				1102DDCF26096B8500BDBBA3 /* QuizHub.swift */,
				1102DE47260AE71500BDBBA3 /* MultiOptionQuestion.swift */,
				1102DE5126142E5E00BDBBA3 /* StoryHub.swift */,
				1102DE5426142E6D00BDBBA3 /* Story.swift */,
				11ED01842640E6E800D5C087 /* BmiCalculator.swift */,
				11ED018D26423C2400D5C087 /* TipCalculator.swift */,
				11ED01A2264CD0CF00D5C087 /* WeatherHub.swift */,
				11EA25DD265467C100678CE7 /* WeatherResponse.swift */,
			);
			path = model;
			sourceTree = "<group>";
		};
		1102DDCC26096B3A00BDBBA3 /* controller */ = {
			isa = PBXGroup;
			children = (
				1190E92621DF089C001F52C4 /* ViewController.swift */,
				1141C7ED2547C3EC00FE8166 /* BonusViewController.swift */,
				1102DDC12604211800BDBBA3 /* QuizzViewController.swift */,
				1193D24626019C2100799C6D /* KeyboardViewController.swift */,
				1102DDB7260300DF00BDBBA3 /* CountDownViewController.swift */,
				1155B20D21EC201E00D08EAF /* AboutViewController.swift */,
				1102DE4D260C3F4100BDBBA3 /* QuizzMultipleChoiceViewController.swift */,
				1102DE5726252A9300BDBBA3 /* DestinyViewController.swift */,
				118E524B262694CC00BA8824 /* BMICalculatorViewController.swift */,
				11ED017D263BB6B000D5C087 /* ResultViewController.swift */,
				11ED018A26423BBB00D5C087 /* TipCalculatorViewController.swift */,
				11ED01912642408200D5C087 /* TipResultViewController.swift */,
				11ED019B264CCFDD00D5C087 /* WeatherViewController.swift */,
			);
			path = controller;
			sourceTree = "<group>";
		};
		1190E91821DF089C001F52C4 = {
			isa = PBXGroup;
			children = (
				1190E92321DF089C001F52C4 /* Playground */,
				1190E92221DF089C001F52C4 /* Products */,
			);
			sourceTree = "<group>";
		};
		1190E92221DF089C001F52C4 /* Products */ = {
			isa = PBXGroup;
			children = (
				1190E92121DF089C001F52C4 /* Playground.app */,
			);
			name = Products;
			sourceTree = "<group>";
		};
		1190E92321DF089C001F52C4 /* Playground */ = {
			isa = PBXGroup;
			children = (
				1102DDB52601A71D00BDBBA3 /* sounds */,
				1155B21121EECD5700D08EAF /* About.html */,
				1190E92421DF089C001F52C4 /* AppDelegate.swift */,
				1102DDCA26096B1800BDBBA3 /* model */,
				1102DDC826096A8200BDBBA3 /* view */,
				1102DDCC26096B3A00BDBBA3 /* controller */,
				1190E92B21DF089E001F52C4 /* Assets.xcassets */,
				1190E93021DF089E001F52C4 /* Info.plist */,
			);
			path = Playground;
			sourceTree = "<group>";
		};
/* End PBXGroup section */

/* Begin PBXNativeTarget section */
		1190E92021DF089C001F52C4 /* Playground */ = {
			isa = PBXNativeTarget;
			buildConfigurationList = 1190E93321DF089E001F52C4 /* Build configuration list for PBXNativeTarget "Playground" */;
			buildPhases = (
				1190E91D21DF089C001F52C4 /* Sources */,
				1190E91E21DF089C001F52C4 /* Frameworks */,
				1190E91F21DF089C001F52C4 /* Resources */,
			);
			buildRules = (
			);
			dependencies = (
			);
			name = Playground;
			productName = Playground;
			productReference = 1190E92121DF089C001F52C4 /* Playground.app */;
			productType = "com.apple.product-type.application";
		};
/* End PBXNativeTarget section */

/* Begin PBXProject section */
		1190E91921DF089C001F52C4 /* Project object */ = {
			isa = PBXProject;
			attributes = {
				LastSwiftUpdateCheck = 1010;
				LastUpgradeCheck = 1010;
				ORGANIZATIONNAME = Six;
				TargetAttributes = {
					1190E92021DF089C001F52C4 = {
						CreatedOnToolsVersion = 10.1;
					};
				};
			};
			buildConfigurationList = 1190E91C21DF089C001F52C4 /* Build configuration list for PBXProject "Playground" */;
			compatibilityVersion = "Xcode 9.3";
			developmentRegion = en;
			hasScannedForEncodings = 0;
			knownRegions = (
				en,
				Base,
			);
			mainGroup = 1190E91821DF089C001F52C4;
			productRefGroup = 1190E92221DF089C001F52C4 /* Products */;
			projectDirPath = "";
			projectRoot = "";
			targets = (
				1190E92021DF089C001F52C4 /* Playground */,
			);
		};
/* End PBXProject section */

/* Begin PBXResourcesBuildPhase section */
		1190E91F21DF089C001F52C4 /* Resources */ = {
			isa = PBXResourcesBuildPhase;
			buildActionMask = 2147483647;
			files = (
				1102DDB32601A70300BDBBA3 /* C.wav in Resources */,
				1102DDB22601A70300BDBBA3 /* E.wav in Resources */,
				1102DDB02601A70300BDBBA3 /* G.wav in Resources */,
				1193D235260053F800799C6D /* Calculator.storyboard in Resources */,
				1190E92F21DF089E001F52C4 /* LaunchScreen.storyboard in Resources */,
				1155B21221EECD5700D08EAF /* About.html in Resources */,
				11ED01A0264CD00400D5C087 /* Weather.storyboard in Resources */,
				1193D239260194E500799C6D /* Keyboard.storyboard in Resources */,
				11ED018826423B6800D5C087 /* Tipsplit.storyboard in Resources */,
				1102DE45260AE61F00BDBBA3 /* Destiny.storyboard in Resources */,
				1190E92C21DF089E001F52C4 /* Assets.xcassets in Resources */,
				1190E92A21DF089C001F52C4 /* Main.storyboard in Resources */,
				1102DE4B260C3D1600BDBBA3 /* QuizzzMultipleChoice.storyboard in Resources */,
				1102DDBF2604210200BDBBA3 /* Quizzz.storyboard in Resources */,
				1102DDB12601A70300BDBBA3 /* D.wav in Resources */,
				118E5247262543E300BA8824 /* BMICalculator.storyboard in Resources */,
				1102DDBB260300F400BDBBA3 /* CountdownTimer.storyboard in Resources */,
				1141C7EB2547C15100FE8166 /* Animation.storyboard in Resources */,
				1102DDAF2601A70300BDBBA3 /* F.wav in Resources */,
			);
			runOnlyForDeploymentPostprocessing = 0;
		};
/* End PBXResourcesBuildPhase section */

/* Begin PBXSourcesBuildPhase section */
		1190E91D21DF089C001F52C4 /* Sources */ = {
			isa = PBXSourcesBuildPhase;
			buildActionMask = 2147483647;
			files = (
				11ED01A3264CD0CF00D5C087 /* WeatherHub.swift in Sources */,
				1102DDB8260300DF00BDBBA3 /* CountDownViewController.swift in Sources */,
				118E524C262694CC00BA8824 /* BMICalculatorViewController.swift in Sources */,
				1102DDC62605020700BDBBA3 /* Question.swift in Sources */,
				11ED01922642408200D5C087 /* TipResultViewController.swift in Sources */,
				11ED019C264CCFDD00D5C087 /* WeatherViewController.swift in Sources */,
				11ED017E263BB6B000D5C087 /* ResultViewController.swift in Sources */,
				1155B20E21EC201E00D08EAF /* AboutViewController.swift in Sources */,
				1193D24726019C2100799C6D /* KeyboardViewController.swift in Sources */,
				1102DE48260AE71500BDBBA3 /* MultiOptionQuestion.swift in Sources */,
				1102DE5826252A9300BDBBA3 /* DestinyViewController.swift in Sources */,
				1190E92721DF089C001F52C4 /* ViewController.swift in Sources */,
				1102DDC22604211800BDBBA3 /* QuizzViewController.swift in Sources */,
				11ED018E26423C2400D5C087 /* TipCalculator.swift in Sources */,
				11ED018B26423BBB00D5C087 /* TipCalculatorViewController.swift in Sources */,
				1141C7EE2547C3EC00FE8166 /* BonusViewController.swift in Sources */,
				1102DE5526142E6D00BDBBA3 /* Story.swift in Sources */,
				1190E92521DF089C001F52C4 /* AppDelegate.swift in Sources */,
				1102DE5226142E5E00BDBBA3 /* StoryHub.swift in Sources */,
				11ED01852640E6E800D5C087 /* BmiCalculator.swift in Sources */,
				1102DDD026096B8600BDBBA3 /* QuizHub.swift in Sources */,
				11EA25DE265467C200678CE7 /* WeatherResponse.swift in Sources */,
				1102DE4E260C3F4100BDBBA3 /* QuizzMultipleChoiceViewController.swift in Sources */,
			);
			runOnlyForDeploymentPostprocessing = 0;
		};
/* End PBXSourcesBuildPhase section */

/* Begin PBXVariantGroup section */
		1190E92821DF089C001F52C4 /* Main.storyboard */ = {
			isa = PBXVariantGroup;
			children = (
				1190E92921DF089C001F52C4 /* Base */,
			);
			name = Main.storyboard;
			sourceTree = "<group>";
		};
		1190E92D21DF089E001F52C4 /* LaunchScreen.storyboard */ = {
			isa = PBXVariantGroup;
			children = (
				1190E92E21DF089E001F52C4 /* Base */,
			);
			name = LaunchScreen.storyboard;
			sourceTree = "<group>";
		};
/* End PBXVariantGroup section */

/* Begin XCBuildConfiguration section */
		1190E93121DF089E001F52C4 /* Debug */ = {
			isa = XCBuildConfiguration;
			buildSettings = {
				ALWAYS_SEARCH_USER_PATHS = NO;
				CLANG_ANALYZER_NONNULL = YES;
				CLANG_ANALYZER_NUMBER_OBJECT_CONVERSION = YES_AGGRESSIVE;
				CLANG_CXX_LANGUAGE_STANDARD = "gnu++14";
				CLANG_CXX_LIBRARY = "libc++";
				CLANG_ENABLE_MODULES = YES;
				CLANG_ENABLE_OBJC_ARC = YES;
				CLANG_ENABLE_OBJC_WEAK = YES;
				CLANG_WARN_BLOCK_CAPTURE_AUTORELEASING = YES;
				CLANG_WARN_BOOL_CONVERSION = YES;
				CLANG_WARN_COMMA = YES;
				CLANG_WARN_CONSTANT_CONVERSION = YES;
				CLANG_WARN_DEPRECATED_OBJC_IMPLEMENTATIONS = YES;
				CLANG_WARN_DIRECT_OBJC_ISA_USAGE = YES_ERROR;
				CLANG_WARN_DOCUMENTATION_COMMENTS = YES;
				CLANG_WARN_EMPTY_BODY = YES;
				CLANG_WARN_ENUM_CONVERSION = YES;
				CLANG_WARN_INFINITE_RECURSION = YES;
				CLANG_WARN_INT_CONVERSION = YES;
				CLANG_WARN_NON_LITERAL_NULL_CONVERSION = YES;
				CLANG_WARN_OBJC_IMPLICIT_RETAIN_SELF = YES;
				CLANG_WARN_OBJC_LITERAL_CONVERSION = YES;
				CLANG_WARN_OBJC_ROOT_CLASS = YES_ERROR;
				CLANG_WARN_RANGE_LOOP_ANALYSIS = YES;
				CLANG_WARN_STRICT_PROTOTYPES = YES;
				CLANG_WARN_SUSPICIOUS_MOVE = YES;
				CLANG_WARN_UNGUARDED_AVAILABILITY = YES_AGGRESSIVE;
				CLANG_WARN_UNREACHABLE_CODE = YES;
				CLANG_WARN__DUPLICATE_METHOD_MATCH = YES;
				CODE_SIGN_IDENTITY = "iPhone Developer";
				COPY_PHASE_STRIP = NO;
				DEBUG_INFORMATION_FORMAT = dwarf;
				ENABLE_STRICT_OBJC_MSGSEND = YES;
				ENABLE_TESTABILITY = YES;
				GCC_C_LANGUAGE_STANDARD = gnu11;
				GCC_DYNAMIC_NO_PIC = NO;
				GCC_NO_COMMON_BLOCKS = YES;
				GCC_OPTIMIZATION_LEVEL = 0;
				GCC_PREPROCESSOR_DEFINITIONS = (
					"DEBUG=1",
					"$(inherited)",
				);
				GCC_WARN_64_TO_32_BIT_CONVERSION = YES;
				GCC_WARN_ABOUT_RETURN_TYPE = YES_ERROR;
				GCC_WARN_UNDECLARED_SELECTOR = YES;
				GCC_WARN_UNINITIALIZED_AUTOS = YES_AGGRESSIVE;
				GCC_WARN_UNUSED_FUNCTION = YES;
				GCC_WARN_UNUSED_VARIABLE = YES;
				IPHONEOS_DEPLOYMENT_TARGET = 12.1;
				MTL_ENABLE_DEBUG_INFO = INCLUDE_SOURCE;
				MTL_FAST_MATH = YES;
				ONLY_ACTIVE_ARCH = YES;
				SDKROOT = iphoneos;
				SWIFT_ACTIVE_COMPILATION_CONDITIONS = DEBUG;
				SWIFT_OPTIMIZATION_LEVEL = "-Onone";
			};
			name = Debug;
		};
		1190E93221DF089E001F52C4 /* Release */ = {
			isa = XCBuildConfiguration;
			buildSettings = {
				ALWAYS_SEARCH_USER_PATHS = NO;
				CLANG_ANALYZER_NONNULL = YES;
				CLANG_ANALYZER_NUMBER_OBJECT_CONVERSION = YES_AGGRESSIVE;
				CLANG_CXX_LANGUAGE_STANDARD = "gnu++14";
				CLANG_CXX_LIBRARY = "libc++";
				CLANG_ENABLE_MODULES = YES;
				CLANG_ENABLE_OBJC_ARC = YES;
				CLANG_ENABLE_OBJC_WEAK = YES;
				CLANG_WARN_BLOCK_CAPTURE_AUTORELEASING = YES;
				CLANG_WARN_BOOL_CONVERSION = YES;
				CLANG_WARN_COMMA = YES;
				CLANG_WARN_CONSTANT_CONVERSION = YES;
				CLANG_WARN_DEPRECATED_OBJC_IMPLEMENTATIONS = YES;
				CLANG_WARN_DIRECT_OBJC_ISA_USAGE = YES_ERROR;
				CLANG_WARN_DOCUMENTATION_COMMENTS = YES;
				CLANG_WARN_EMPTY_BODY = YES;
				CLANG_WARN_ENUM_CONVERSION = YES;
				CLANG_WARN_INFINITE_RECURSION = YES;
				CLANG_WARN_INT_CONVERSION = YES;
				CLANG_WARN_NON_LITERAL_NULL_CONVERSION = YES;
				CLANG_WARN_OBJC_IMPLICIT_RETAIN_SELF = YES;
				CLANG_WARN_OBJC_LITERAL_CONVERSION = YES;
				CLANG_WARN_OBJC_ROOT_CLASS = YES_ERROR;
				CLANG_WARN_RANGE_LOOP_ANALYSIS = YES;
				CLANG_WARN_STRICT_PROTOTYPES = YES;
				CLANG_WARN_SUSPICIOUS_MOVE = YES;
				CLANG_WARN_UNGUARDED_AVAILABILITY = YES_AGGRESSIVE;
				CLANG_WARN_UNREACHABLE_CODE = YES;
				CLANG_WARN__DUPLICATE_METHOD_MATCH = YES;
				CODE_SIGN_IDENTITY = "iPhone Developer";
				COPY_PHASE_STRIP = NO;
				DEBUG_INFORMATION_FORMAT = "dwarf-with-dsym";
				ENABLE_NS_ASSERTIONS = NO;
				ENABLE_STRICT_OBJC_MSGSEND = YES;
				GCC_C_LANGUAGE_STANDARD = gnu11;
				GCC_NO_COMMON_BLOCKS = YES;
				GCC_WARN_64_TO_32_BIT_CONVERSION = YES;
				GCC_WARN_ABOUT_RETURN_TYPE = YES_ERROR;
				GCC_WARN_UNDECLARED_SELECTOR = YES;
				GCC_WARN_UNINITIALIZED_AUTOS = YES_AGGRESSIVE;
				GCC_WARN_UNUSED_FUNCTION = YES;
				GCC_WARN_UNUSED_VARIABLE = YES;
				IPHONEOS_DEPLOYMENT_TARGET = 12.1;
				MTL_ENABLE_DEBUG_INFO = NO;
				MTL_FAST_MATH = YES;
				SDKROOT = iphoneos;
				SWIFT_COMPILATION_MODE = wholemodule;
				SWIFT_OPTIMIZATION_LEVEL = "-O";
				VALIDATE_PRODUCT = YES;
			};
			name = Release;
		};
		1190E93421DF089E001F52C4 /* Debug */ = {
			isa = XCBuildConfiguration;
			buildSettings = {
				ASSETCATALOG_COMPILER_APPICON_NAME = AppIcon;
				CODE_SIGN_IDENTITY = "iPhone Developer";
				CODE_SIGN_STYLE = Automatic;
				DEVELOPMENT_TEAM = "";
				INFOPLIST_FILE = Playground/Info.plist;
				LD_RUNPATH_SEARCH_PATHS = (
					"$(inherited)",
					"@executable_path/Frameworks",
				);
				PRODUCT_BUNDLE_IDENTIFIER = ca.six.Playground;
				PRODUCT_NAME = "$(TARGET_NAME)";
				PROVISIONING_PROFILE_SPECIFIER = "";
				SWIFT_VERSION = 4.2;
				TARGETED_DEVICE_FAMILY = "1,2";
			};
			name = Debug;
		};
		1190E93521DF089E001F52C4 /* Release */ = {
			isa = XCBuildConfiguration;
			buildSettings = {
				ASSETCATALOG_COMPILER_APPICON_NAME = AppIcon;
				CODE_SIGN_IDENTITY = "iPhone Developer";
				CODE_SIGN_STYLE = Automatic;
				DEVELOPMENT_TEAM = "";
				INFOPLIST_FILE = Playground/Info.plist;
				LD_RUNPATH_SEARCH_PATHS = (
					"$(inherited)",
					"@executable_path/Frameworks",
				);
				PRODUCT_BUNDLE_IDENTIFIER = ca.six.Playground;
				PRODUCT_NAME = "$(TARGET_NAME)";
				PROVISIONING_PROFILE_SPECIFIER = "";
				SWIFT_VERSION = 4.2;
				TARGETED_DEVICE_FAMILY = "1,2";
			};
			name = Release;
		};
/* End XCBuildConfiguration section */

/* Begin XCConfigurationList section */
		1190E91C21DF089C001F52C4 /* Build configuration list for PBXProject "Playground" */ = {
			isa = XCConfigurationList;
			buildConfigurations = (
				1190E93121DF089E001F52C4 /* Debug */,
				1190E93221DF089E001F52C4 /* Release */,
			);
			defaultConfigurationIsVisible = 0;
			defaultConfigurationName = Release;
		};
		1190E93321DF089E001F52C4 /* Build configuration list for PBXNativeTarget "Playground" */ = {
			isa = XCConfigurationList;
			buildConfigurations = (
				1190E93421DF089E001F52C4 /* Debug */,
				1190E93521DF089E001F52C4 /* Release */,
			);
			defaultConfigurationIsVisible = 0;
			defaultConfigurationName = Release;
		};
/* End XCConfigurationList section */
	};
	rootObject = 1190E91921DF089C001F52C4 /* Project object */;
}
