// !$*UTF8*$!
{
	archiveVersion = 1;
	classes = {
	};
	objectVersion = 50;
	objects = {

/* Begin PBXBuildFile section */
		1102DDAF2601A70300BDBBA3 /* F.wav in Resources */ = {isa = PBXBuildFile; fileRef = 1102DDAA2601A70300BDBBA3 /* F.wav */; };
		1102DDB02601A70300BDBBA3 /* G.wav in Resources */ = {isa = PBXBuildFile; fileRef = 1102DDAB2601A70300BDBBA3 /* G.wav */; };
		1102DDB12601A70300BDBBA3 /* D.wav in Resources */ = {isa = PBXBuildFile; fileRef = 1102DDAC2601A70300BDBBA3 /* D.wav */; };
		1102DDB22601A70300BDBBA3 /* E.wav in Resources */ = {isa = PBXBuildFile; fileRef = 1102DDAD2601A70300BDBBA3 /* E.wav */; };
		1102DDB32601A70300BDBBA3 /* C.wav in Resources */ = {isa = PBXBuildFile; fileRef = 1102DDAE2601A70300BDBBA3 /* C.wav */; };
		1141C7EB2547C15100FE8166 /* Animation.storyboard in Resources */ = {isa = PBXBuildFile; fileRef = 1141C7EA2547C15100FE8166 /* Animation.storyboard */; };
		1141C7EE2547C3EC00FE8166 /* BonusViewController.swift in Sources */ = {isa = PBXBuildFile; fileRef = 1141C7ED2547C3EC00FE8166 /* BonusViewController.swift */; };
		1155B20E21EC201E00D08EAF /* AboutViewController.swift in Sources */ = {isa = PBXBuildFile; fileRef = 1155B20D21EC201E00D08EAF /* AboutViewController.swift */; };
		1155B21221EECD5700D08EAF /* About.html in Resources */ = {isa = PBXBuildFile; fileRef = 1155B21121EECD5700D08EAF /* About.html */; };
		1190E92521DF089C001F52C4 /* AppDelegate.swift in Sources */ = {isa = PBXBuildFile; fileRef = 1190E92421DF089C001F52C4 /* AppDelegate.swift */; };
		1190E92721DF089C001F52C4 /* ViewController.swift in Sources */ = {isa = PBXBuildFile; fileRef = 1190E92621DF089C001F52C4 /* ViewController.swift */; };
		1190E92A21DF089C001F52C4 /* Main.storyboard in Resources */ = {isa = PBXBuildFile; fileRef = 1190E92821DF089C001F52C4 /* Main.storyboard */; };
		1190E92C21DF089E001F52C4 /* Assets.xcassets in Resources */ = {isa = PBXBuildFile; fileRef = 1190E92B21DF089E001F52C4 /* Assets.xcassets */; };
		1190E92F21DF089E001F52C4 /* LaunchScreen.storyboard in Resources */ = {isa = PBXBuildFile; fileRef = 1190E92D21DF089E001F52C4 /* LaunchScreen.storyboard */; };
		1193D235260053F800799C6D /* Calculator.storyboard in Resources */ = {isa = PBXBuildFile; fileRef = 1193D234260053F800799C6D /* Calculator.storyboard */; };
		1193D239260194E500799C6D /* Keyboard.storyboard in Resources */ = {isa = PBXBuildFile; fileRef = 1193D238260194E500799C6D /* Keyboard.storyboard */; };
		1193D24726019C2100799C6D /* KeyboardViewController.swift in Sources */ = {isa = PBXBuildFile; fileRef = 1193D24626019C2100799C6D /* KeyboardViewController.swift */; };
/* End PBXBuildFile section */

/* Begin PBXFileReference section */
		1102DDAA2601A70300BDBBA3 /* F.wav */ = {isa = PBXFileReference; lastKnownFileType = audio.wav; path = F.wav; sourceTree = "<group>"; };
		1102DDAB2601A70300BDBBA3 /* G.wav */ = {isa = PBXFileReference; lastKnownFileType = audio.wav; path = G.wav; sourceTree = "<group>"; };
		1102DDAC2601A70300BDBBA3 /* D.wav */ = {isa = PBXFileReference; lastKnownFileType = audio.wav; path = D.wav; sourceTree = "<group>"; };
		1102DDAD2601A70300BDBBA3 /* E.wav */ = {isa = PBXFileReference; lastKnownFileType = audio.wav; path = E.wav; sourceTree = "<group>"; };
		1102DDAE2601A70300BDBBA3 /* C.wav */ = {isa = PBXFileReference; lastKnownFileType = audio.wav; path = C.wav; sourceTree = "<group>"; };
		1141C7EA2547C15100FE8166 /* Animation.storyboard */ = {isa = PBXFileReference; lastKnownFileType = file.storyboard; path = Animation.storyboard; sourceTree = "<group>"; };
		1141C7ED2547C3EC00FE8166 /* BonusViewController.swift */ = {isa = PBXFileReference; lastKnownFileType = sourcecode.swift; path = BonusViewController.swift; sourceTree = "<group>"; };
		1155B20D21EC201E00D08EAF /* AboutViewController.swift */ = {isa = PBXFileReference; lastKnownFileType = sourcecode.swift; path = AboutViewController.swift; sourceTree = "<group>"; };
		1155B21121EECD5700D08EAF /* About.html */ = {isa = PBXFileReference; fileEncoding = 4; lastKnownFileType = text.html; path = About.html; sourceTree = "<group>"; };
		1190E92121DF089C001F52C4 /* Playground.app */ = {isa = PBXFileReference; explicitFileType = wrapper.application; includeInIndex = 0; path = Playground.app; sourceTree = BUILT_PRODUCTS_DIR; };
		1190E92421DF089C001F52C4 /* AppDelegate.swift */ = {isa = PBXFileReference; lastKnownFileType = sourcecode.swift; path = AppDelegate.swift; sourceTree = "<group>"; };
		1190E92621DF089C001F52C4 /* ViewController.swift */ = {isa = PBXFileReference; lastKnownFileType = sourcecode.swift; path = ViewController.swift; sourceTree = "<group>"; };
		1190E92921DF089C001F52C4 /* Base */ = {isa = PBXFileReference; lastKnownFileType = file.storyboard; name = Base; path = Base.lproj/Main.storyboard; sourceTree = "<group>"; };
		1190E92B21DF089E001F52C4 /* Assets.xcassets */ = {isa = PBXFileReference; lastKnownFileType = folder.assetcatalog; path = Assets.xcassets; sourceTree = "<group>"; };
		1190E92E21DF089E001F52C4 /* Base */ = {isa = PBXFileReference; lastKnownFileType = file.storyboard; name = Base; path = Base.lproj/LaunchScreen.storyboard; sourceTree = "<group>"; };
		1190E93021DF089E001F52C4 /* Info.plist */ = {isa = PBXFileReference; lastKnownFileType = text.plist.xml; path = Info.plist; sourceTree = "<group>"; };
		1193D234260053F800799C6D /* Calculator.storyboard */ = {isa = PBXFileReference; lastKnownFileType = file.storyboard; path = Calculator.storyboard; sourceTree = "<group>"; };
		1193D238260194E500799C6D /* Keyboard.storyboard */ = {isa = PBXFileReference; lastKnownFileType = file.storyboard; path = Keyboard.storyboard; sourceTree = "<group>"; };
		1193D24626019C2100799C6D /* KeyboardViewController.swift */ = {isa = PBXFileReference; lastKnownFileType = sourcecode.swift; path = KeyboardViewController.swift; sourceTree = "<group>"; };
/* End PBXFileReference section */

/* Begin PBXFrameworksBuildPhase section */
		1190E91E21DF089C001F52C4 /* Frameworks */ = {
			isa = PBXFrameworksBuildPhase;
			buildActionMask = 2147483647;
			files = (
			);
			runOnlyForDeploymentPostprocessing = 0;
		};
/* End PBXFrameworksBuildPhase section */

/* Begin PBXGroup section */
		1102DDB52601A71D00BDBBA3 /* sounds */ = {
			isa = PBXGroup;
			children = (
				1102DDAE2601A70300BDBBA3 /* C.wav */,
				1102DDAC2601A70300BDBBA3 /* D.wav */,
				1102DDAD2601A70300BDBBA3 /* E.wav */,
				1102DDAA2601A70300BDBBA3 /* F.wav */,
				1102DDAB2601A70300BDBBA3 /* G.wav */,
			);
			path = sounds;
			sourceTree = "<group>";
		};
		1190E91821DF089C001F52C4 = {
			isa = PBXGroup;
			children = (
				1190E92321DF089C001F52C4 /* Playground */,
				1190E92221DF089C001F52C4 /* Products */,
			);
			sourceTree = "<group>";
		};
		1190E92221DF089C001F52C4 /* Products */ = {
			isa = PBXGroup;
			children = (
				1190E92121DF089C001F52C4 /* Playground.app */,
			);
			name = Products;
			sourceTree = "<group>";
		};
		1190E92321DF089C001F52C4 /* Playground */ = {
			isa = PBXGroup;
			children = (
				1102DDB52601A71D00BDBBA3 /* sounds */,
				1155B21121EECD5700D08EAF /* About.html */,
				1190E92421DF089C001F52C4 /* AppDelegate.swift */,
				1190E92621DF089C001F52C4 /* ViewController.swift */,
				1190E92821DF089C001F52C4 /* Main.storyboard */,
				1155B20D21EC201E00D08EAF /* AboutViewController.swift */,
				1190E92B21DF089E001F52C4 /* Assets.xcassets */,
				1190E92D21DF089E001F52C4 /* LaunchScreen.storyboard */,
				1190E93021DF089E001F52C4 /* Info.plist */,
				1141C7EA2547C15100FE8166 /* Animation.storyboard */,
				1141C7ED2547C3EC00FE8166 /* BonusViewController.swift */,
				1193D234260053F800799C6D /* Calculator.storyboard */,
				1193D238260194E500799C6D /* Keyboard.storyboard */,
				1193D24626019C2100799C6D /* KeyboardViewController.swift */,
			);
			path = Playground;
			sourceTree = "<group>";
		};
/* End PBXGroup section */

/* Begin PBXNativeTarget section */
		1190E92021DF089C001F52C4 /* Playground */ = {
			isa = PBXNativeTarget;
			buildConfigurationList = 1190E93321DF089E001F52C4 /* Build configuration list for PBXNativeTarget "Playground" */;
			buildPhases = (
				1190E91D21DF089C001F52C4 /* Sources */,
				1190E91E21DF089C001F52C4 /* Frameworks */,
				1190E91F21DF089C001F52C4 /* Resources */,
			);
			buildRules = (
			);
			dependencies = (
			);
			name = Playground;
			productName = Playground;
			productReference = 1190E92121DF089C001F52C4 /* Playground.app */;
			productType = "com.apple.product-type.application";
		};
/* End PBXNativeTarget section */

/* Begin PBXProject section */
		1190E91921DF089C001F52C4 /* Project object */ = {
			isa = PBXProject;
			attributes = {
				LastSwiftUpdateCheck = 1010;
				LastUpgradeCheck = 1010;
				ORGANIZATIONNAME = Six;
				TargetAttributes = {
					1190E92021DF089C001F52C4 = {
						CreatedOnToolsVersion = 10.1;
					};
				};
			};
			buildConfigurationList = 1190E91C21DF089C001F52C4 /* Build configuration list for PBXProject "Playground" */;
			compatibilityVersion = "Xcode 9.3";
			developmentRegion = en;
			hasScannedForEncodings = 0;
			knownRegions = (
				en,
				Base,
			);
			mainGroup = 1190E91821DF089C001F52C4;
			productRefGroup = 1190E92221DF089C001F52C4 /* Products */;
			projectDirPath = "";
			projectRoot = "";
			targets = (
				1190E92021DF089C001F52C4 /* Playground */,
			);
		};
/* End PBXProject section */

/* Begin PBXResourcesBuildPhase section */
		1190E91F21DF089C001F52C4 /* Resources */ = {
			isa = PBXResourcesBuildPhase;
			buildActionMask = 2147483647;
			files = (
				1102DDB32601A70300BDBBA3 /* C.wav in Resources */,
				1102DDB22601A70300BDBBA3 /* E.wav in Resources */,
				1102DDB02601A70300BDBBA3 /* G.wav in Resources */,
				1193D235260053F800799C6D /* Calculator.storyboard in Resources */,
				1190E92F21DF089E001F52C4 /* LaunchScreen.storyboard in Resources */,
				1155B21221EECD5700D08EAF /* About.html in Resources */,
				1193D239260194E500799C6D /* Keyboard.storyboard in Resources */,
				1190E92C21DF089E001F52C4 /* Assets.xcassets in Resources */,
				1190E92A21DF089C001F52C4 /* Main.storyboard in Resources */,
				1102DDB12601A70300BDBBA3 /* D.wav in Resources */,
				1141C7EB2547C15100FE8166 /* Animation.storyboard in Resources */,
				1102DDAF2601A70300BDBBA3 /* F.wav in Resources */,
			);
			runOnlyForDeploymentPostprocessing = 0;
		};
/* End PBXResourcesBuildPhase section */

/* Begin PBXSourcesBuildPhase section */
		1190E91D21DF089C001F52C4 /* Sources */ = {
			isa = PBXSourcesBuildPhase;
			buildActionMask = 2147483647;
			files = (
				1155B20E21EC201E00D08EAF /* AboutViewController.swift in Sources */,
				1193D24726019C2100799C6D /* KeyboardViewController.swift in Sources */,
				1190E92721DF089C001F52C4 /* ViewController.swift in Sources */,
				1141C7EE2547C3EC00FE8166 /* BonusViewController.swift in Sources */,
				1190E92521DF089C001F52C4 /* AppDelegate.swift in Sources */,
			);
			runOnlyForDeploymentPostprocessing = 0;
		};
/* End PBXSourcesBuildPhase section */

/* Begin PBXVariantGroup section */
		1190E92821DF089C001F52C4 /* Main.storyboard */ = {
			isa = PBXVariantGroup;
			children = (
				1190E92921DF089C001F52C4 /* Base */,
			);
			name = Main.storyboard;
			sourceTree = "<group>";
		};
		1190E92D21DF089E001F52C4 /* LaunchScreen.storyboard */ = {
			isa = PBXVariantGroup;
			children = (
				1190E92E21DF089E001F52C4 /* Base */,
			);
			name = LaunchScreen.storyboard;
			sourceTree = "<group>";
		};
/* End PBXVariantGroup section */

/* Begin XCBuildConfiguration section */
		1190E93121DF089E001F52C4 /* Debug */ = {
			isa = XCBuildConfiguration;
			buildSettings = {
				ALWAYS_SEARCH_USER_PATHS = NO;
				CLANG_ANALYZER_NONNULL = YES;
				CLANG_ANALYZER_NUMBER_OBJECT_CONVERSION = YES_AGGRESSIVE;
				CLANG_CXX_LANGUAGE_STANDARD = "gnu++14";
				CLANG_CXX_LIBRARY = "libc++";
				CLANG_ENABLE_MODULES = YES;
				CLANG_ENABLE_OBJC_ARC = YES;
				CLANG_ENABLE_OBJC_WEAK = YES;
				CLANG_WARN_BLOCK_CAPTURE_AUTORELEASING = YES;
				CLANG_WARN_BOOL_CONVERSION = YES;
				CLANG_WARN_COMMA = YES;
				CLANG_WARN_CONSTANT_CONVERSION = YES;
				CLANG_WARN_DEPRECATED_OBJC_IMPLEMENTATIONS = YES;
				CLANG_WARN_DIRECT_OBJC_ISA_USAGE = YES_ERROR;
				CLANG_WARN_DOCUMENTATION_COMMENTS = YES;
				CLANG_WARN_EMPTY_BODY = YES;
				CLANG_WARN_ENUM_CONVERSION = YES;
				CLANG_WARN_INFINITE_RECURSION = YES;
				CLANG_WARN_INT_CONVERSION = YES;
				CLANG_WARN_NON_LITERAL_NULL_CONVERSION = YES;
				CLANG_WARN_OBJC_IMPLICIT_RETAIN_SELF = YES;
				CLANG_WARN_OBJC_LITERAL_CONVERSION = YES;
				CLANG_WARN_OBJC_ROOT_CLASS = YES_ERROR;
				CLANG_WARN_RANGE_LOOP_ANALYSIS = YES;
				CLANG_WARN_STRICT_PROTOTYPES = YES;
				CLANG_WARN_SUSPICIOUS_MOVE = YES;
				CLANG_WARN_UNGUARDED_AVAILABILITY = YES_AGGRESSIVE;
				CLANG_WARN_UNREACHABLE_CODE = YES;
				CLANG_WARN__DUPLICATE_METHOD_MATCH = YES;
				CODE_SIGN_IDENTITY = "iPhone Developer";
				COPY_PHASE_STRIP = NO;
				DEBUG_INFORMATION_FORMAT = dwarf;
				ENABLE_STRICT_OBJC_MSGSEND = YES;
				ENABLE_TESTABILITY = YES;
				GCC_C_LANGUAGE_STANDARD = gnu11;
				GCC_DYNAMIC_NO_PIC = NO;
				GCC_NO_COMMON_BLOCKS = YES;
				GCC_OPTIMIZATION_LEVEL = 0;
				GCC_PREPROCESSOR_DEFINITIONS = (
					"DEBUG=1",
					"$(inherited)",
				);
				GCC_WARN_64_TO_32_BIT_CONVERSION = YES;
				GCC_WARN_ABOUT_RETURN_TYPE = YES_ERROR;
				GCC_WARN_UNDECLARED_SELECTOR = YES;
				GCC_WARN_UNINITIALIZED_AUTOS = YES_AGGRESSIVE;
				GCC_WARN_UNUSED_FUNCTION = YES;
				GCC_WARN_UNUSED_VARIABLE = YES;
				IPHONEOS_DEPLOYMENT_TARGET = 12.1;
				MTL_ENABLE_DEBUG_INFO = INCLUDE_SOURCE;
				MTL_FAST_MATH = YES;
				ONLY_ACTIVE_ARCH = YES;
				SDKROOT = iphoneos;
				SWIFT_ACTIVE_COMPILATION_CONDITIONS = DEBUG;
				SWIFT_OPTIMIZATION_LEVEL = "-Onone";
			};
			name = Debug;
		};
		1190E93221DF089E001F52C4 /* Release */ = {
			isa = XCBuildConfiguration;
			buildSettings = {
				ALWAYS_SEARCH_USER_PATHS = NO;
				CLANG_ANALYZER_NONNULL = YES;
				CLANG_ANALYZER_NUMBER_OBJECT_CONVERSION = YES_AGGRESSIVE;
				CLANG_CXX_LANGUAGE_STANDARD = "gnu++14";
				CLANG_CXX_LIBRARY = "libc++";
				CLANG_ENABLE_MODULES = YES;
				CLANG_ENABLE_OBJC_ARC = YES;
				CLANG_ENABLE_OBJC_WEAK = YES;
				CLANG_WARN_BLOCK_CAPTURE_AUTORELEASING = YES;
				CLANG_WARN_BOOL_CONVERSION = YES;
				CLANG_WARN_COMMA = YES;
				CLANG_WARN_CONSTANT_CONVERSION = YES;
				CLANG_WARN_DEPRECATED_OBJC_IMPLEMENTATIONS = YES;
				CLANG_WARN_DIRECT_OBJC_ISA_USAGE = YES_ERROR;
				CLANG_WARN_DOCUMENTATION_COMMENTS = YES;
				CLANG_WARN_EMPTY_BODY = YES;
				CLANG_WARN_ENUM_CONVERSION = YES;
				CLANG_WARN_INFINITE_RECURSION = YES;
				CLANG_WARN_INT_CONVERSION = YES;
				CLANG_WARN_NON_LITERAL_NULL_CONVERSION = YES;
				CLANG_WARN_OBJC_IMPLICIT_RETAIN_SELF = YES;
				CLANG_WARN_OBJC_LITERAL_CONVERSION = YES;
				CLANG_WARN_OBJC_ROOT_CLASS = YES_ERROR;
				CLANG_WARN_RANGE_LOOP_ANALYSIS = YES;
				CLANG_WARN_STRICT_PROTOTYPES = YES;
				CLANG_WARN_SUSPICIOUS_MOVE = YES;
				CLANG_WARN_UNGUARDED_AVAILABILITY = YES_AGGRESSIVE;
				CLANG_WARN_UNREACHABLE_CODE = YES;
				CLANG_WARN__DUPLICATE_METHOD_MATCH = YES;
				CODE_SIGN_IDENTITY = "iPhone Developer";
				COPY_PHASE_STRIP = NO;
				DEBUG_INFORMATION_FORMAT = "dwarf-with-dsym";
				ENABLE_NS_ASSERTIONS = NO;
				ENABLE_STRICT_OBJC_MSGSEND = YES;
				GCC_C_LANGUAGE_STANDARD = gnu11;
				GCC_NO_COMMON_BLOCKS = YES;
				GCC_WARN_64_TO_32_BIT_CONVERSION = YES;
				GCC_WARN_ABOUT_RETURN_TYPE = YES_ERROR;
				GCC_WARN_UNDECLARED_SELECTOR = YES;
				GCC_WARN_UNINITIALIZED_AUTOS = YES_AGGRESSIVE;
				GCC_WARN_UNUSED_FUNCTION = YES;
				GCC_WARN_UNUSED_VARIABLE = YES;
				IPHONEOS_DEPLOYMENT_TARGET = 12.1;
				MTL_ENABLE_DEBUG_INFO = NO;
				MTL_FAST_MATH = YES;
				SDKROOT = iphoneos;
				SWIFT_COMPILATION_MODE = wholemodule;
				SWIFT_OPTIMIZATION_LEVEL = "-O";
				VALIDATE_PRODUCT = YES;
			};
			name = Release;
		};
		1190E93421DF089E001F52C4 /* Debug */ = {
			isa = XCBuildConfiguration;
			buildSettings = {
				ASSETCATALOG_COMPILER_APPICON_NAME = AppIcon;
				CODE_SIGN_IDENTITY = "iPhone Developer";
				CODE_SIGN_STYLE = Automatic;
				DEVELOPMENT_TEAM = "";
				INFOPLIST_FILE = Playground/Info.plist;
				LD_RUNPATH_SEARCH_PATHS = (
					"$(inherited)",
					"@executable_path/Frameworks",
				);
				PRODUCT_BUNDLE_IDENTIFIER = ca.six.Playground;
				PRODUCT_NAME = "$(TARGET_NAME)";
				PROVISIONING_PROFILE_SPECIFIER = "";
				SWIFT_VERSION = 4.2;
				TARGETED_DEVICE_FAMILY = "1,2";
			};
			name = Debug;
		};
		1190E93521DF089E001F52C4 /* Release */ = {
			isa = XCBuildConfiguration;
			buildSettings = {
				ASSETCATALOG_COMPILER_APPICON_NAME = AppIcon;
				CODE_SIGN_IDENTITY = "iPhone Developer";
				CODE_SIGN_STYLE = Automatic;
				DEVELOPMENT_TEAM = "";
				INFOPLIST_FILE = Playground/Info.plist;
				LD_RUNPATH_SEARCH_PATHS = (
					"$(inherited)",
					"@executable_path/Frameworks",
				);
				PRODUCT_BUNDLE_IDENTIFIER = ca.six.Playground;
				PRODUCT_NAME = "$(TARGET_NAME)";
				PROVISIONING_PROFILE_SPECIFIER = "";
				SWIFT_VERSION = 4.2;
				TARGETED_DEVICE_FAMILY = "1,2";
			};
			name = Release;
		};
/* End XCBuildConfiguration section */

/* Begin XCConfigurationList section */
		1190E91C21DF089C001F52C4 /* Build configuration list for PBXProject "Playground" */ = {
			isa = XCConfigurationList;
			buildConfigurations = (
				1190E93121DF089E001F52C4 /* Debug */,
				1190E93221DF089E001F52C4 /* Release */,
			);
			defaultConfigurationIsVisible = 0;
			defaultConfigurationName = Release;
		};
		1190E93321DF089E001F52C4 /* Build configuration list for PBXNativeTarget "Playground" */ = {
			isa = XCConfigurationList;
			buildConfigurations = (
				1190E93421DF089E001F52C4 /* Debug */,
				1190E93521DF089E001F52C4 /* Release */,
			);
			defaultConfigurationIsVisible = 0;
			defaultConfigurationName = Release;
		};
/* End XCConfigurationList section */
	};
	rootObject = 1190E91921DF089C001F52C4 /* Project object */;
}
