// !$*UTF8*$!
{
	archiveVersion = 1;
	classes = {
	};
	objectVersion = 50;
	objects = {

/* Begin PBXBuildFile section */
		11094E8122320770001C58C7 /* AppDelegate.swift in Sources */ = {isa = PBXBuildFile; fileRef = 11094E8022320770001C58C7 /* AppDelegate.swift */; };
		11094E8622320770001C58C7 /* Main.storyboard in Resources */ = {isa = PBXBuildFile; fileRef = 11094E8422320770001C58C7 /* Main.storyboard */; };
		11094E8B22320771001C58C7 /* LaunchScreen.storyboard in Resources */ = {isa = PBXBuildFile; fileRef = 11094E8922320771001C58C7 /* LaunchScreen.storyboard */; };
		11094E9322320CAD001C58C7 /* Assets.xcassets in Resources */ = {isa = PBXBuildFile; fileRef = 11094E9222320CAD001C58C7 /* Assets.xcassets */; };
		11094E96223888B5001C58C7 /* ExploreViewController.swift in Sources */ = {isa = PBXBuildFile; fileRef = 11094E94223888B5001C58C7 /* ExploreViewController.swift */; };
		11094E97223888B5001C58C7 /* RestaurantViewController.swift in Sources */ = {isa = PBXBuildFile; fileRef = 11094E95223888B5001C58C7 /* RestaurantViewController.swift */; };
/* End PBXBuildFile section */

/* Begin PBXFileReference section */
		11094E7D22320770001C58C7 /* EatEat.app */ = {isa = PBXFileReference; explicitFileType = wrapper.application; includeInIndex = 0; path = EatEat.app; sourceTree = BUILT_PRODUCTS_DIR; };
		11094E8022320770001C58C7 /* AppDelegate.swift */ = {isa = PBXFileReference; lastKnownFileType = sourcecode.swift; path = AppDelegate.swift; sourceTree = "<group>"; };
		11094E8522320770001C58C7 /* Base */ = {isa = PBXFileReference; lastKnownFileType = file.storyboard; name = Base; path = Base.lproj/Main.storyboard; sourceTree = "<group>"; };
		11094E8A22320771001C58C7 /* Base */ = {isa = PBXFileReference; lastKnownFileType = file.storyboard; name = Base; path = Base.lproj/LaunchScreen.storyboard; sourceTree = "<group>"; };
		11094E8C22320771001C58C7 /* Info.plist */ = {isa = PBXFileReference; lastKnownFileType = text.plist.xml; path = Info.plist; sourceTree = "<group>"; };
		11094E9222320CAD001C58C7 /* Assets.xcassets */ = {isa = PBXFileReference; lastKnownFileType = folder.assetcatalog; path = Assets.xcassets; sourceTree = "<group>"; };
		11094E94223888B5001C58C7 /* ExploreViewController.swift */ = {isa = PBXFileReference; fileEncoding = 4; lastKnownFileType = sourcecode.swift; path = ExploreViewController.swift; sourceTree = "<group>"; };
		11094E95223888B5001C58C7 /* RestaurantViewController.swift */ = {isa = PBXFileReference; fileEncoding = 4; lastKnownFileType = sourcecode.swift; path = RestaurantViewController.swift; sourceTree = "<group>"; };
		11094E9922407AC2001C58C7 /* FunctionsStructs.playground */ = {isa = PBXFileReference; lastKnownFileType = file.playground; path = FunctionsStructs.playground; sourceTree = "<group>"; xcLanguageSpecificationIdentifier = xcode.lang.swift; };
/* End PBXFileReference section */

/* Begin PBXFrameworksBuildPhase section */
		11094E7A22320770001C58C7 /* Frameworks */ = {
			isa = PBXFrameworksBuildPhase;
			buildActionMask = 2147483647;
			files = (
			);
			runOnlyForDeploymentPostprocessing = 0;
		};
/* End PBXFrameworksBuildPhase section */

/* Begin PBXGroup section */
		11094E7422320770001C58C7 = {
			isa = PBXGroup;
			children = (
				11094E9822407A21001C58C7 /* Playgrounds */,
				11094E7F22320770001C58C7 /* EatEat */,
				11094E7E22320770001C58C7 /* Products */,
			);
			sourceTree = "<group>";
		};
		11094E7E22320770001C58C7 /* Products */ = {
			isa = PBXGroup;
			children = (
				11094E7D22320770001C58C7 /* EatEat.app */,
			);
			name = Products;
			sourceTree = "<group>";
		};
		11094E7F22320770001C58C7 /* EatEat */ = {
			isa = PBXGroup;
			children = (
				11094E94223888B5001C58C7 /* ExploreViewController.swift */,
				11094E95223888B5001C58C7 /* RestaurantViewController.swift */,
				11094E9222320CAD001C58C7 /* Assets.xcassets */,
				11094E8022320770001C58C7 /* AppDelegate.swift */,
				11094E8422320770001C58C7 /* Main.storyboard */,
				11094E8922320771001C58C7 /* LaunchScreen.storyboard */,
				11094E8C22320771001C58C7 /* Info.plist */,
			);
			path = EatEat;
			sourceTree = "<group>";
		};
		11094E9822407A21001C58C7 /* Playgrounds */ = {
			isa = PBXGroup;
			children = (
				11094E9922407AC2001C58C7 /* FunctionsStructs.playground */,
			);
			path = Playgrounds;
			sourceTree = "<group>";
		};
/* End PBXGroup section */

/* Begin PBXNativeTarget section */
		11094E7C22320770001C58C7 /* EatEat */ = {
			isa = PBXNativeTarget;
			buildConfigurationList = 11094E8F22320771001C58C7 /* Build configuration list for PBXNativeTarget "EatEat" */;
			buildPhases = (
				11094E7922320770001C58C7 /* Sources */,
				11094E7A22320770001C58C7 /* Frameworks */,
				11094E7B22320770001C58C7 /* Resources */,
			);
			buildRules = (
			);
			dependencies = (
			);
			name = EatEat;
			productName = EatEat;
			productReference = 11094E7D22320770001C58C7 /* EatEat.app */;
			productType = "com.apple.product-type.application";
		};
/* End PBXNativeTarget section */

/* Begin PBXProject section */
		11094E7522320770001C58C7 /* Project object */ = {
			isa = PBXProject;
			attributes = {
				LastSwiftUpdateCheck = 1010;
				LastUpgradeCheck = 1010;
				ORGANIZATIONNAME = Six;
				TargetAttributes = {
					11094E7C22320770001C58C7 = {
						CreatedOnToolsVersion = 10.1;
					};
				};
			};
			buildConfigurationList = 11094E7822320770001C58C7 /* Build configuration list for PBXProject "EatEat" */;
			compatibilityVersion = "Xcode 9.3";
			developmentRegion = en;
			hasScannedForEncodings = 0;
			knownRegions = (
				en,
				Base,
			);
			mainGroup = 11094E7422320770001C58C7;
			productRefGroup = 11094E7E22320770001C58C7 /* Products */;
			projectDirPath = "";
			projectRoot = "";
			targets = (
				11094E7C22320770001C58C7 /* EatEat */,
			);
		};
/* End PBXProject section */

/* Begin PBXResourcesBuildPhase section */
		11094E7B22320770001C58C7 /* Resources */ = {
			isa = PBXResourcesBuildPhase;
			buildActionMask = 2147483647;
			files = (
				11094E8B22320771001C58C7 /* LaunchScreen.storyboard in Resources */,
				11094E9322320CAD001C58C7 /* Assets.xcassets in Resources */,
				11094E8622320770001C58C7 /* Main.storyboard in Resources */,
			);
			runOnlyForDeploymentPostprocessing = 0;
		};
/* End PBXResourcesBuildPhase section */

/* Begin PBXSourcesBuildPhase section */
		11094E7922320770001C58C7 /* Sources */ = {
			isa = PBXSourcesBuildPhase;
			buildActionMask = 2147483647;
			files = (
				11094E96223888B5001C58C7 /* ExploreViewController.swift in Sources */,
				11094E97223888B5001C58C7 /* RestaurantViewController.swift in Sources */,
				11094E8122320770001C58C7 /* AppDelegate.swift in Sources */,
			);
			runOnlyForDeploymentPostprocessing = 0;
		};
/* End PBXSourcesBuildPhase section */

/* Begin PBXVariantGroup section */
		11094E8422320770001C58C7 /* Main.storyboard */ = {
			isa = PBXVariantGroup;
			children = (
				11094E8522320770001C58C7 /* Base */,
			);
			name = Main.storyboard;
			sourceTree = "<group>";
		};
		11094E8922320771001C58C7 /* LaunchScreen.storyboard */ = {
			isa = PBXVariantGroup;
			children = (
				11094E8A22320771001C58C7 /* Base */,
			);
			name = LaunchScreen.storyboard;
			sourceTree = "<group>";
		};
/* End PBXVariantGroup section */

/* Begin XCBuildConfiguration section */
		11094E8D22320771001C58C7 /* Debug */ = {
			isa = XCBuildConfiguration;
			buildSettings = {
				ALWAYS_SEARCH_USER_PATHS = NO;
				CLANG_ANALYZER_NONNULL = YES;
				CLANG_ANALYZER_NUMBER_OBJECT_CONVERSION = YES_AGGRESSIVE;
				CLANG_CXX_LANGUAGE_STANDARD = "gnu++14";
				CLANG_CXX_LIBRARY = "libc++";
				CLANG_ENABLE_MODULES = YES;
				CLANG_ENABLE_OBJC_ARC = YES;
				CLANG_ENABLE_OBJC_WEAK = YES;
				CLANG_WARN_BLOCK_CAPTURE_AUTORELEASING = YES;
				CLANG_WARN_BOOL_CONVERSION = YES;
				CLANG_WARN_COMMA = YES;
				CLANG_WARN_CONSTANT_CONVERSION = YES;
				CLANG_WARN_DEPRECATED_OBJC_IMPLEMENTATIONS = YES;
				CLANG_WARN_DIRECT_OBJC_ISA_USAGE = YES_ERROR;
				CLANG_WARN_DOCUMENTATION_COMMENTS = YES;
				CLANG_WARN_EMPTY_BODY = YES;
				CLANG_WARN_ENUM_CONVERSION = YES;
				CLANG_WARN_INFINITE_RECURSION = YES;
				CLANG_WARN_INT_CONVERSION = YES;
				CLANG_WARN_NON_LITERAL_NULL_CONVERSION = YES;
				CLANG_WARN_OBJC_IMPLICIT_RETAIN_SELF = YES;
				CLANG_WARN_OBJC_LITERAL_CONVERSION = YES;
				CLANG_WARN_OBJC_ROOT_CLASS = YES_ERROR;
				CLANG_WARN_RANGE_LOOP_ANALYSIS = YES;
				CLANG_WARN_STRICT_PROTOTYPES = YES;
				CLANG_WARN_SUSPICIOUS_MOVE = YES;
				CLANG_WARN_UNGUARDED_AVAILABILITY = YES_AGGRESSIVE;
				CLANG_WARN_UNREACHABLE_CODE = YES;
				CLANG_WARN__DUPLICATE_METHOD_MATCH = YES;
				CODE_SIGN_IDENTITY = "iPhone Developer";
				COPY_PHASE_STRIP = NO;
				DEBUG_INFORMATION_FORMAT = dwarf;
				ENABLE_STRICT_OBJC_MSGSEND = YES;
				ENABLE_TESTABILITY = YES;
				GCC_C_LANGUAGE_STANDARD = gnu11;
				GCC_DYNAMIC_NO_PIC = NO;
				GCC_NO_COMMON_BLOCKS = YES;
				GCC_OPTIMIZATION_LEVEL = 0;
				GCC_PREPROCESSOR_DEFINITIONS = (
					"DEBUG=1",
					"$(inherited)",
				);
				GCC_WARN_64_TO_32_BIT_CONVERSION = YES;
				GCC_WARN_ABOUT_RETURN_TYPE = YES_ERROR;
				GCC_WARN_UNDECLARED_SELECTOR = YES;
				GCC_WARN_UNINITIALIZED_AUTOS = YES_AGGRESSIVE;
				GCC_WARN_UNUSED_FUNCTION = YES;
				GCC_WARN_UNUSED_VARIABLE = YES;
				IPHONEOS_DEPLOYMENT_TARGET = 12.1;
				MTL_ENABLE_DEBUG_INFO = INCLUDE_SOURCE;
				MTL_FAST_MATH = YES;
				ONLY_ACTIVE_ARCH = YES;
				SDKROOT = iphoneos;
				SWIFT_ACTIVE_COMPILATION_CONDITIONS = DEBUG;
				SWIFT_OPTIMIZATION_LEVEL = "-Onone";
			};
			name = Debug;
		};
		11094E8E22320771001C58C7 /* Release */ = {
			isa = XCBuildConfiguration;
			buildSettings = {
				ALWAYS_SEARCH_USER_PATHS = NO;
				CLANG_ANALYZER_NONNULL = YES;
				CLANG_ANALYZER_NUMBER_OBJECT_CONVERSION = YES_AGGRESSIVE;
				CLANG_CXX_LANGUAGE_STANDARD = "gnu++14";
				CLANG_CXX_LIBRARY = "libc++";
				CLANG_ENABLE_MODULES = YES;
				CLANG_ENABLE_OBJC_ARC = YES;
				CLANG_ENABLE_OBJC_WEAK = YES;
				CLANG_WARN_BLOCK_CAPTURE_AUTORELEASING = YES;
				CLANG_WARN_BOOL_CONVERSION = YES;
				CLANG_WARN_COMMA = YES;
				CLANG_WARN_CONSTANT_CONVERSION = YES;
				CLANG_WARN_DEPRECATED_OBJC_IMPLEMENTATIONS = YES;
				CLANG_WARN_DIRECT_OBJC_ISA_USAGE = YES_ERROR;
				CLANG_WARN_DOCUMENTATION_COMMENTS = YES;
				CLANG_WARN_EMPTY_BODY = YES;
				CLANG_WARN_ENUM_CONVERSION = YES;
				CLANG_WARN_INFINITE_RECURSION = YES;
				CLANG_WARN_INT_CONVERSION = YES;
				CLANG_WARN_NON_LITERAL_NULL_CONVERSION = YES;
				CLANG_WARN_OBJC_IMPLICIT_RETAIN_SELF = YES;
				CLANG_WARN_OBJC_LITERAL_CONVERSION = YES;
				CLANG_WARN_OBJC_ROOT_CLASS = YES_ERROR;
				CLANG_WARN_RANGE_LOOP_ANALYSIS = YES;
				CLANG_WARN_STRICT_PROTOTYPES = YES;
				CLANG_WARN_SUSPICIOUS_MOVE = YES;
				CLANG_WARN_UNGUARDED_AVAILABILITY = YES_AGGRESSIVE;
				CLANG_WARN_UNREACHABLE_CODE = YES;
				CLANG_WARN__DUPLICATE_METHOD_MATCH = YES;
				CODE_SIGN_IDENTITY = "iPhone Developer";
				COPY_PHASE_STRIP = NO;
				DEBUG_INFORMATION_FORMAT = "dwarf-with-dsym";
				ENABLE_NS_ASSERTIONS = NO;
				ENABLE_STRICT_OBJC_MSGSEND = YES;
				GCC_C_LANGUAGE_STANDARD = gnu11;
				GCC_NO_COMMON_BLOCKS = YES;
				GCC_WARN_64_TO_32_BIT_CONVERSION = YES;
				GCC_WARN_ABOUT_RETURN_TYPE = YES_ERROR;
				GCC_WARN_UNDECLARED_SELECTOR = YES;
				GCC_WARN_UNINITIALIZED_AUTOS = YES_AGGRESSIVE;
				GCC_WARN_UNUSED_FUNCTION = YES;
				GCC_WARN_UNUSED_VARIABLE = YES;
				IPHONEOS_DEPLOYMENT_TARGET = 12.1;
				MTL_ENABLE_DEBUG_INFO = NO;
				MTL_FAST_MATH = YES;
				SDKROOT = iphoneos;
				SWIFT_COMPILATION_MODE = wholemodule;
				SWIFT_OPTIMIZATION_LEVEL = "-O";
				VALIDATE_PRODUCT = YES;
			};
			name = Release;
		};
		11094E9022320771001C58C7 /* Debug */ = {
			isa = XCBuildConfiguration;
			buildSettings = {
				ASSETCATALOG_COMPILER_APPICON_NAME = AppIcon;
				CODE_SIGN_STYLE = Automatic;
				INFOPLIST_FILE = EatEat/Info.plist;
				LD_RUNPATH_SEARCH_PATHS = (
					"$(inherited)",
					"@executable_path/Frameworks",
				);
				PRODUCT_BUNDLE_IDENTIFIER = six.ca.EatEat;
				PRODUCT_NAME = "$(TARGET_NAME)";
				SWIFT_VERSION = 4.2;
				TARGETED_DEVICE_FAMILY = "1,2";
			};
			name = Debug;
		};
		11094E9122320771001C58C7 /* Release */ = {
			isa = XCBuildConfiguration;
			buildSettings = {
				ASSETCATALOG_COMPILER_APPICON_NAME = AppIcon;
				CODE_SIGN_STYLE = Automatic;
				INFOPLIST_FILE = EatEat/Info.plist;
				LD_RUNPATH_SEARCH_PATHS = (
					"$(inherited)",
					"@executable_path/Frameworks",
				);
				PRODUCT_BUNDLE_IDENTIFIER = six.ca.EatEat;
				PRODUCT_NAME = "$(TARGET_NAME)";
				SWIFT_VERSION = 4.2;
				TARGETED_DEVICE_FAMILY = "1,2";
			};
			name = Release;
		};
/* End XCBuildConfiguration section */

/* Begin XCConfigurationList section */
		11094E7822320770001C58C7 /* Build configuration list for PBXProject "EatEat" */ = {
			isa = XCConfigurationList;
			buildConfigurations = (
				11094E8D22320771001C58C7 /* Debug */,
				11094E8E22320771001C58C7 /* Release */,
			);
			defaultConfigurationIsVisible = 0;
			defaultConfigurationName = Release;
		};
		11094E8F22320771001C58C7 /* Build configuration list for PBXNativeTarget "EatEat" */ = {
			isa = XCConfigurationList;
			buildConfigurations = (
				11094E9022320771001C58C7 /* Debug */,
				11094E9122320771001C58C7 /* Release */,
			);
			defaultConfigurationIsVisible = 0;
			defaultConfigurationName = Release;
		};
/* End XCConfigurationList section */
	};
	rootObject = 11094E7522320770001C58C7 /* Project object */;
}
