// !$*UTF8*$!
{
	archiveVersion = 1;
	classes = {
	};
	objectVersion = 50;
	objects = {

/* Begin PBXBuildFile section */
		11094E8122320770001C58C7 /* AppDelegate.swift in Sources */ = {isa = PBXBuildFile; fileRef = 11094E8022320770001C58C7 /* AppDelegate.swift */; };
		11094E8622320770001C58C7 /* Main.storyboard in Resources */ = {isa = PBXBuildFile; fileRef = 11094E8422320770001C58C7 /* Main.storyboard */; };
		11094E8B22320771001C58C7 /* LaunchScreen.storyboard in Resources */ = {isa = PBXBuildFile; fileRef = 11094E8922320771001C58C7 /* LaunchScreen.storyboard */; };
		11094E9322320CAD001C58C7 /* Assets.xcassets in Resources */ = {isa = PBXBuildFile; fileRef = 11094E9222320CAD001C58C7 /* Assets.xcassets */; };
		11094E96223888B5001C58C7 /* ExploreViewController.swift in Sources */ = {isa = PBXBuildFile; fileRef = 11094E94223888B5001C58C7 /* ExploreViewController.swift */; };
		110E9F8D22515189003CC707 /* San Francisco.json in Resources */ = {isa = PBXBuildFile; fileRef = 110E9F7F22515188003CC707 /* San Francisco.json */; };
		110E9F8E22515189003CC707 /* Miami.json in Resources */ = {isa = PBXBuildFile; fileRef = 110E9F8022515189003CC707 /* Miami.json */; };
		110E9F8F22515189003CC707 /* New Orleans.json in Resources */ = {isa = PBXBuildFile; fileRef = 110E9F8122515189003CC707 /* New Orleans.json */; };
		110E9F9022515189003CC707 /* Los Angeles.json in Resources */ = {isa = PBXBuildFile; fileRef = 110E9F8222515189003CC707 /* Los Angeles.json */; };
		110E9F9122515189003CC707 /* Charleston.json in Resources */ = {isa = PBXBuildFile; fileRef = 110E9F8322515189003CC707 /* Charleston.json */; };
		110E9F9222515189003CC707 /* Las Vegas.json in Resources */ = {isa = PBXBuildFile; fileRef = 110E9F8422515189003CC707 /* Las Vegas.json */; };
		110E9F9322515189003CC707 /* New York.json in Resources */ = {isa = PBXBuildFile; fileRef = 110E9F8522515189003CC707 /* New York.json */; };
		110E9F9422515189003CC707 /* San Antonio.json in Resources */ = {isa = PBXBuildFile; fileRef = 110E9F8622515189003CC707 /* San Antonio.json */; };
		110E9F9522515189003CC707 /* Boston.json in Resources */ = {isa = PBXBuildFile; fileRef = 110E9F8722515189003CC707 /* Boston.json */; };
		110E9F9622515189003CC707 /* Aspen.json in Resources */ = {isa = PBXBuildFile; fileRef = 110E9F8822515189003CC707 /* Aspen.json */; };
		110E9F9722515189003CC707 /* Houston.json in Resources */ = {isa = PBXBuildFile; fileRef = 110E9F8922515189003CC707 /* Houston.json */; };
		110E9F9822515189003CC707 /* Chicago.json in Resources */ = {isa = PBXBuildFile; fileRef = 110E9F8A22515189003CC707 /* Chicago.json */; };
		110E9F9922515189003CC707 /* Philadelphia.json in Resources */ = {isa = PBXBuildFile; fileRef = 110E9F8B22515189003CC707 /* Philadelphia.json */; };
		110E9F9A22515189003CC707 /* Portland.json in Resources */ = {isa = PBXBuildFile; fileRef = 110E9F8C22515189003CC707 /* Portland.json */; };
		110E9F9C2251A695003CC707 /* RestaurantAPIManager.swift in Sources */ = {isa = PBXBuildFile; fileRef = 110E9F9B2251A695003CC707 /* RestaurantAPIManager.swift */; };
		110E9F9E2251AAE9003CC707 /* LocationItem.swift in Sources */ = {isa = PBXBuildFile; fileRef = 110E9F9D2251AAE9003CC707 /* LocationItem.swift */; };
		110E9FA02252E86E003CC707 /* ExploreHeaderView.swift in Sources */ = {isa = PBXBuildFile; fileRef = 110E9F9F2252E86E003CC707 /* ExploreHeaderView.swift */; };
		110E9FA2225459C0003CC707 /* RestaurantCell.swift in Sources */ = {isa = PBXBuildFile; fileRef = 110E9FA1225459C0003CC707 /* RestaurantCell.swift */; };
		110E9FA4225598E2003CC707 /* RestaurantDataManager.swift in Sources */ = {isa = PBXBuildFile; fileRef = 110E9FA3225598E2003CC707 /* RestaurantDataManager.swift */; };
		110E9FA72255A6F6003CC707 /* NoDataView.swift in Sources */ = {isa = PBXBuildFile; fileRef = 110E9FA62255A6F6003CC707 /* NoDataView.swift */; };
		110E9FA92255A755003CC707 /* NoDataView.xib in Resources */ = {isa = PBXBuildFile; fileRef = 110E9FA82255A755003CC707 /* NoDataView.xib */; };
		110E9FAC225D6C9C003CC707 /* RatingsView.swift in Sources */ = {isa = PBXBuildFile; fileRef = 110E9FAB225D6C9C003CC707 /* RatingsView.swift */; };
		11856590224C690E00180F71 /* Segue.swift in Sources */ = {isa = PBXBuildFile; fileRef = 1185658F224C690E00180F71 /* Segue.swift */; };
		11856592224C6B8500180F71 /* Map.storyboard in Resources */ = {isa = PBXBuildFile; fileRef = 11856591224C6B8500180F71 /* Map.storyboard */; };
		11856594224C6BC400180F71 /* Explore.storyboard in Resources */ = {isa = PBXBuildFile; fileRef = 11856593224C6BC400180F71 /* Explore.storyboard */; };
		11856597224C6C0000180F71 /* RestaurantDetail.storyboard in Resources */ = {isa = PBXBuildFile; fileRef = 11856596224C6C0000180F71 /* RestaurantDetail.storyboard */; };
		11856599224C72F200180F71 /* RestaurantList.storyboard in Resources */ = {isa = PBXBuildFile; fileRef = 11856598224C72F200180F71 /* RestaurantList.storyboard */; };
		1185659B224C731D00180F71 /* Locations.storyboard in Resources */ = {isa = PBXBuildFile; fileRef = 1185659A224C731D00180F71 /* Locations.storyboard */; };
		118FE0C3224DB3A700BFAB1D /* RestaurantDetailViewController.swift in Sources */ = {isa = PBXBuildFile; fileRef = 118FE0C2224DB3A700BFAB1D /* RestaurantDetailViewController.swift */; };
		11DFD40B22431AC800DEFCB5 /* ExploreData.plist in Resources */ = {isa = PBXBuildFile; fileRef = 11DFD40A22431AC800DEFCB5 /* ExploreData.plist */; };
		11DFD40D22431B2100DEFCB5 /* ExploreItem.swift in Sources */ = {isa = PBXBuildFile; fileRef = 11DFD40C22431B2100DEFCB5 /* ExploreItem.swift */; };
		11DFD40F22431E8900DEFCB5 /* ExploreDataManager.swift in Sources */ = {isa = PBXBuildFile; fileRef = 11DFD40E22431E8900DEFCB5 /* ExploreDataManager.swift */; };
		11DFD4132243253900DEFCB5 /* ExploreCell.swift in Sources */ = {isa = PBXBuildFile; fileRef = 11DFD4122243253900DEFCB5 /* ExploreCell.swift */; };
		11DFD41822432C8F00DEFCB5 /* RestaurantListViewController.swift in Sources */ = {isa = PBXBuildFile; fileRef = 11DFD41722432C8F00DEFCB5 /* RestaurantListViewController.swift */; };
		11DFD41F2244814C00DEFCB5 /* LocationViewController.swift in Sources */ = {isa = PBXBuildFile; fileRef = 11DFD41E2244814C00DEFCB5 /* LocationViewController.swift */; };
		11EFAF7F22448AA10077B2FA /* Locations.plist in Resources */ = {isa = PBXBuildFile; fileRef = 11EFAF7E22448AA10077B2FA /* Locations.plist */; };
		11EFAF8122448B140077B2FA /* LocationDataManager.swift in Sources */ = {isa = PBXBuildFile; fileRef = 11EFAF8022448B140077B2FA /* LocationDataManager.swift */; };
		11EFAF85224579110077B2FA /* RestaurantItem.swift in Sources */ = {isa = PBXBuildFile; fileRef = 11EFAF84224579110077B2FA /* RestaurantItem.swift */; };
		11EFAF872245D80E0077B2FA /* MapLocations.plist in Resources */ = {isa = PBXBuildFile; fileRef = 11EFAF862245D80E0077B2FA /* MapLocations.plist */; };
		11EFAF892245D8430077B2FA /* MapDataManager.swift in Sources */ = {isa = PBXBuildFile; fileRef = 11EFAF882245D8430077B2FA /* MapDataManager.swift */; };
		11EFAF8C2245DCA20077B2FA /* DataManager.swift in Sources */ = {isa = PBXBuildFile; fileRef = 11EFAF8B2245DCA20077B2FA /* DataManager.swift */; };
		11EFAF8F2245E0EC0077B2FA /* MapViewController.swift in Sources */ = {isa = PBXBuildFile; fileRef = 11EFAF8E2245E0EC0077B2FA /* MapViewController.swift */; };
/* End PBXBuildFile section */

/* Begin PBXFileReference section */
		11094E7D22320770001C58C7 /* EatEat.app */ = {isa = PBXFileReference; explicitFileType = wrapper.application; includeInIndex = 0; path = EatEat.app; sourceTree = BUILT_PRODUCTS_DIR; };
		11094E8022320770001C58C7 /* AppDelegate.swift */ = {isa = PBXFileReference; lastKnownFileType = sourcecode.swift; path = AppDelegate.swift; sourceTree = "<group>"; };
		11094E8522320770001C58C7 /* Base */ = {isa = PBXFileReference; lastKnownFileType = file.storyboard; name = Base; path = Base.lproj/Main.storyboard; sourceTree = "<group>"; };
		11094E8A22320771001C58C7 /* Base */ = {isa = PBXFileReference; lastKnownFileType = file.storyboard; name = Base; path = Base.lproj/LaunchScreen.storyboard; sourceTree = "<group>"; };
		11094E8C22320771001C58C7 /* Info.plist */ = {isa = PBXFileReference; lastKnownFileType = text.plist.xml; path = Info.plist; sourceTree = "<group>"; };
		11094E9222320CAD001C58C7 /* Assets.xcassets */ = {isa = PBXFileReference; lastKnownFileType = folder.assetcatalog; path = Assets.xcassets; sourceTree = "<group>"; };
		11094E94223888B5001C58C7 /* ExploreViewController.swift */ = {isa = PBXFileReference; fileEncoding = 4; lastKnownFileType = sourcecode.swift; path = ExploreViewController.swift; sourceTree = "<group>"; };
		11094E9922407AC2001C58C7 /* FunctionsStructs.playground */ = {isa = PBXFileReference; lastKnownFileType = file.playground; path = FunctionsStructs.playground; sourceTree = "<group>"; xcLanguageSpecificationIdentifier = xcode.lang.swift; };
		11094E9A22408010001C58C7 /* CollectionViewBasics.playground */ = {isa = PBXFileReference; lastKnownFileType = file.playground; path = CollectionViewBasics.playground; sourceTree = "<group>"; xcLanguageSpecificationIdentifier = xcode.lang.swift; };
		110E9F7F22515188003CC707 /* San Francisco.json */ = {isa = PBXFileReference; fileEncoding = 4; lastKnownFileType = text.json; path = "San Francisco.json"; sourceTree = "<group>"; };
		110E9F8022515189003CC707 /* Miami.json */ = {isa = PBXFileReference; fileEncoding = 4; lastKnownFileType = text.json; path = Miami.json; sourceTree = "<group>"; };
		110E9F8122515189003CC707 /* New Orleans.json */ = {isa = PBXFileReference; fileEncoding = 4; lastKnownFileType = text.json; path = "New Orleans.json"; sourceTree = "<group>"; };
		110E9F8222515189003CC707 /* Los Angeles.json */ = {isa = PBXFileReference; fileEncoding = 4; lastKnownFileType = text.json; path = "Los Angeles.json"; sourceTree = "<group>"; };
		110E9F8322515189003CC707 /* Charleston.json */ = {isa = PBXFileReference; fileEncoding = 4; lastKnownFileType = text.json; path = Charleston.json; sourceTree = "<group>"; };
		110E9F8422515189003CC707 /* Las Vegas.json */ = {isa = PBXFileReference; fileEncoding = 4; lastKnownFileType = text.json; path = "Las Vegas.json"; sourceTree = "<group>"; };
		110E9F8522515189003CC707 /* New York.json */ = {isa = PBXFileReference; fileEncoding = 4; lastKnownFileType = text.json; path = "New York.json"; sourceTree = "<group>"; };
		110E9F8622515189003CC707 /* San Antonio.json */ = {isa = PBXFileReference; fileEncoding = 4; lastKnownFileType = text.json; path = "San Antonio.json"; sourceTree = "<group>"; };
		110E9F8722515189003CC707 /* Boston.json */ = {isa = PBXFileReference; fileEncoding = 4; lastKnownFileType = text.json; path = Boston.json; sourceTree = "<group>"; };
		110E9F8822515189003CC707 /* Aspen.json */ = {isa = PBXFileReference; fileEncoding = 4; lastKnownFileType = text.json; path = Aspen.json; sourceTree = "<group>"; };
		110E9F8922515189003CC707 /* Houston.json */ = {isa = PBXFileReference; fileEncoding = 4; lastKnownFileType = text.json; path = Houston.json; sourceTree = "<group>"; };
		110E9F8A22515189003CC707 /* Chicago.json */ = {isa = PBXFileReference; fileEncoding = 4; lastKnownFileType = text.json; path = Chicago.json; sourceTree = "<group>"; };
		110E9F8B22515189003CC707 /* Philadelphia.json */ = {isa = PBXFileReference; fileEncoding = 4; lastKnownFileType = text.json; path = Philadelphia.json; sourceTree = "<group>"; };
		110E9F8C22515189003CC707 /* Portland.json */ = {isa = PBXFileReference; fileEncoding = 4; lastKnownFileType = text.json; path = Portland.json; sourceTree = "<group>"; };
		110E9F9B2251A695003CC707 /* RestaurantAPIManager.swift */ = {isa = PBXFileReference; lastKnownFileType = sourcecode.swift; path = RestaurantAPIManager.swift; sourceTree = "<group>"; };
		110E9F9D2251AAE9003CC707 /* LocationItem.swift */ = {isa = PBXFileReference; lastKnownFileType = sourcecode.swift; path = LocationItem.swift; sourceTree = "<group>"; };
		110E9F9F2252E86E003CC707 /* ExploreHeaderView.swift */ = {isa = PBXFileReference; lastKnownFileType = sourcecode.swift; path = ExploreHeaderView.swift; sourceTree = "<group>"; };
		110E9FA1225459C0003CC707 /* RestaurantCell.swift */ = {isa = PBXFileReference; lastKnownFileType = sourcecode.swift; path = RestaurantCell.swift; sourceTree = "<group>"; };
		110E9FA3225598E2003CC707 /* RestaurantDataManager.swift */ = {isa = PBXFileReference; lastKnownFileType = sourcecode.swift; path = RestaurantDataManager.swift; sourceTree = "<group>"; };
		110E9FA62255A6F6003CC707 /* NoDataView.swift */ = {isa = PBXFileReference; lastKnownFileType = sourcecode.swift; path = NoDataView.swift; sourceTree = "<group>"; };
		110E9FA82255A755003CC707 /* NoDataView.xib */ = {isa = PBXFileReference; lastKnownFileType = file.xib; path = NoDataView.xib; sourceTree = "<group>"; };
		110E9FAB225D6C9C003CC707 /* RatingsView.swift */ = {isa = PBXFileReference; lastKnownFileType = sourcecode.swift; path = RatingsView.swift; sourceTree = "<group>"; };
		1185658F224C690E00180F71 /* Segue.swift */ = {isa = PBXFileReference; lastKnownFileType = sourcecode.swift; path = Segue.swift; sourceTree = "<group>"; };
		11856591224C6B8500180F71 /* Map.storyboard */ = {isa = PBXFileReference; lastKnownFileType = file.storyboard; path = Map.storyboard; sourceTree = "<group>"; };
		11856593224C6BC400180F71 /* Explore.storyboard */ = {isa = PBXFileReference; lastKnownFileType = file.storyboard; path = Explore.storyboard; sourceTree = "<group>"; };
		11856596224C6C0000180F71 /* RestaurantDetail.storyboard */ = {isa = PBXFileReference; lastKnownFileType = file.storyboard; path = RestaurantDetail.storyboard; sourceTree = "<group>"; };
		11856598224C72F200180F71 /* RestaurantList.storyboard */ = {isa = PBXFileReference; lastKnownFileType = file.storyboard; path = RestaurantList.storyboard; sourceTree = "<group>"; };
		1185659A224C731D00180F71 /* Locations.storyboard */ = {isa = PBXFileReference; lastKnownFileType = file.storyboard; path = Locations.storyboard; sourceTree = "<group>"; };
		118FE0C2224DB3A700BFAB1D /* RestaurantDetailViewController.swift */ = {isa = PBXFileReference; lastKnownFileType = sourcecode.swift; path = RestaurantDetailViewController.swift; sourceTree = "<group>"; };
		11DFD40A22431AC800DEFCB5 /* ExploreData.plist */ = {isa = PBXFileReference; fileEncoding = 4; lastKnownFileType = text.plist.xml; path = ExploreData.plist; sourceTree = "<group>"; };
		11DFD40C22431B2100DEFCB5 /* ExploreItem.swift */ = {isa = PBXFileReference; lastKnownFileType = sourcecode.swift; path = ExploreItem.swift; sourceTree = "<group>"; };
		11DFD40E22431E8900DEFCB5 /* ExploreDataManager.swift */ = {isa = PBXFileReference; lastKnownFileType = sourcecode.swift; path = ExploreDataManager.swift; sourceTree = "<group>"; };
		11DFD4122243253900DEFCB5 /* ExploreCell.swift */ = {isa = PBXFileReference; lastKnownFileType = sourcecode.swift; path = ExploreCell.swift; sourceTree = "<group>"; };
		11DFD41722432C8F00DEFCB5 /* RestaurantListViewController.swift */ = {isa = PBXFileReference; lastKnownFileType = sourcecode.swift; path = RestaurantListViewController.swift; sourceTree = "<group>"; };
		11DFD41922447C9800DEFCB5 /* TableViewExampleController.playground */ = {isa = PBXFileReference; lastKnownFileType = file.playground; path = TableViewExampleController.playground; sourceTree = "<group>"; xcLanguageSpecificationIdentifier = xcode.lang.swift; };
		11DFD41E2244814C00DEFCB5 /* LocationViewController.swift */ = {isa = PBXFileReference; lastKnownFileType = sourcecode.swift; path = LocationViewController.swift; sourceTree = "<group>"; };
		11EFAF7E22448AA10077B2FA /* Locations.plist */ = {isa = PBXFileReference; fileEncoding = 4; lastKnownFileType = text.plist.xml; path = Locations.plist; sourceTree = "<group>"; };
		11EFAF8022448B140077B2FA /* LocationDataManager.swift */ = {isa = PBXFileReference; lastKnownFileType = sourcecode.swift; path = LocationDataManager.swift; sourceTree = "<group>"; };
		11EFAF84224579110077B2FA /* RestaurantItem.swift */ = {isa = PBXFileReference; lastKnownFileType = sourcecode.swift; path = RestaurantItem.swift; sourceTree = "<group>"; };
		11EFAF862245D80E0077B2FA /* MapLocations.plist */ = {isa = PBXFileReference; fileEncoding = 4; lastKnownFileType = text.plist.xml; path = MapLocations.plist; sourceTree = "<group>"; };
		11EFAF882245D8430077B2FA /* MapDataManager.swift */ = {isa = PBXFileReference; lastKnownFileType = sourcecode.swift; path = MapDataManager.swift; sourceTree = "<group>"; };
		11EFAF8B2245DCA20077B2FA /* DataManager.swift */ = {isa = PBXFileReference; lastKnownFileType = sourcecode.swift; path = DataManager.swift; sourceTree = "<group>"; };
		11EFAF8E2245E0EC0077B2FA /* MapViewController.swift */ = {isa = PBXFileReference; lastKnownFileType = sourcecode.swift; path = MapViewController.swift; sourceTree = "<group>"; };
/* End PBXFileReference section */

/* Begin PBXFrameworksBuildPhase section */
		11094E7A22320770001C58C7 /* Frameworks */ = {
			isa = PBXFrameworksBuildPhase;
			buildActionMask = 2147483647;
			files = (
			);
			runOnlyForDeploymentPostprocessing = 0;
		};
/* End PBXFrameworksBuildPhase section */

/* Begin PBXGroup section */
		11094E7422320770001C58C7 = {
			isa = PBXGroup;
			children = (
				11094E9822407A21001C58C7 /* Playgrounds */,
				11094E7F22320770001C58C7 /* EatEat */,
				11094E7E22320770001C58C7 /* Products */,
			);
			sourceTree = "<group>";
		};
		11094E7E22320770001C58C7 /* Products */ = {
			isa = PBXGroup;
			children = (
				11094E7D22320770001C58C7 /* EatEat.app */,
			);
			name = Products;
			sourceTree = "<group>";
		};
		11094E7F22320770001C58C7 /* EatEat */ = {
			isa = PBXGroup;
			children = (
				110E9FAA225D6C5B003CC707 /* Reviews Form */,
				11856595224C6BE100180F71 /* RestaurantDetail */,
				11EFAF8A2245DC740077B2FA /* Common */,
				11EFAF822245715F0077B2FA /* Map */,
				11DFD41A2244804E00DEFCB5 /* Locations */,
				11DFD41422432B1100DEFCB5 /* Restaurants */,
				11DFD410224324D000DEFCB5 /* Explore */,
				11094E9222320CAD001C58C7 /* Assets.xcassets */,
				11094E8022320770001C58C7 /* AppDelegate.swift */,
				11094E8422320770001C58C7 /* Main.storyboard */,
				11094E8922320771001C58C7 /* LaunchScreen.storyboard */,
				11094E8C22320771001C58C7 /* Info.plist */,
			);
			path = EatEat;
			sourceTree = "<group>";
		};
		11094E9822407A21001C58C7 /* Playgrounds */ = {
			isa = PBXGroup;
			children = (
				11094E9922407AC2001C58C7 /* FunctionsStructs.playground */,
				11094E9A22408010001C58C7 /* CollectionViewBasics.playground */,
				11DFD41922447C9800DEFCB5 /* TableViewExampleController.playground */,
			);
			path = Playgrounds;
			sourceTree = "<group>";
		};
		110E9F7E22515108003CC707 /* JSON */ = {
			isa = PBXGroup;
			children = (
				110E9F8822515189003CC707 /* Aspen.json */,
				110E9F8722515189003CC707 /* Boston.json */,
				110E9F8322515189003CC707 /* Charleston.json */,
				110E9F8A22515189003CC707 /* Chicago.json */,
				110E9F8922515189003CC707 /* Houston.json */,
				110E9F8422515189003CC707 /* Las Vegas.json */,
				110E9F8222515189003CC707 /* Los Angeles.json */,
				110E9F8022515189003CC707 /* Miami.json */,
				110E9F8122515189003CC707 /* New Orleans.json */,
				110E9F8522515189003CC707 /* New York.json */,
				110E9F8B22515189003CC707 /* Philadelphia.json */,
				110E9F8C22515189003CC707 /* Portland.json */,
				110E9F8622515189003CC707 /* San Antonio.json */,
				110E9F7F22515188003CC707 /* San Francisco.json */,
			);
			path = JSON;
			sourceTree = "<group>";
		};
		110E9FA52255A6C1003CC707 /* NoData */ = {
			isa = PBXGroup;
			children = (
				110E9FA62255A6F6003CC707 /* NoDataView.swift */,
				110E9FA82255A755003CC707 /* NoDataView.xib */,
			);
			path = NoData;
			sourceTree = "<group>";
		};
		110E9FAA225D6C5B003CC707 /* Reviews Form */ = {
			isa = PBXGroup;
			children = (
				110E9FAB225D6C9C003CC707 /* RatingsView.swift */,
			);
			path = "Reviews Form";
			sourceTree = "<group>";
		};
		1185658D224C68F300180F71 /* Misc */ = {
			isa = PBXGroup;
			children = (
				110E9FA52255A6C1003CC707 /* NoData */,
				110E9F7E22515108003CC707 /* JSON */,
				1185658F224C690E00180F71 /* Segue.swift */,
				110E9F9B2251A695003CC707 /* RestaurantAPIManager.swift */,
			);
			path = Misc;
			sourceTree = "<group>";
		};
		11856595224C6BE100180F71 /* RestaurantDetail */ = {
			isa = PBXGroup;
			children = (
				11856596224C6C0000180F71 /* RestaurantDetail.storyboard */,
				118FE0C2224DB3A700BFAB1D /* RestaurantDetailViewController.swift */,
			);
			path = RestaurantDetail;
			sourceTree = "<group>";
		};
		11DFD40922431A8F00DEFCB5 /* Model */ = {
			isa = PBXGroup;
			children = (
				11DFD40A22431AC800DEFCB5 /* ExploreData.plist */,
				11DFD40C22431B2100DEFCB5 /* ExploreItem.swift */,
				11DFD40E22431E8900DEFCB5 /* ExploreDataManager.swift */,
			);
			path = Model;
			sourceTree = "<group>";
		};
		11DFD410224324D000DEFCB5 /* Explore */ = {
			isa = PBXGroup;
			children = (
				11094E94223888B5001C58C7 /* ExploreViewController.swift */,
				11DFD40922431A8F00DEFCB5 /* Model */,
				11DFD411224324F200DEFCB5 /* View */,
				11856593224C6BC400180F71 /* Explore.storyboard */,
				110E9F9F2252E86E003CC707 /* ExploreHeaderView.swift */,
			);
			path = Explore;
			sourceTree = "<group>";
		};
		11DFD411224324F200DEFCB5 /* View */ = {
			isa = PBXGroup;
			children = (
				11DFD4122243253900DEFCB5 /* ExploreCell.swift */,
			);
			path = View;
			sourceTree = "<group>";
		};
		11DFD41422432B1100DEFCB5 /* Restaurants */ = {
			isa = PBXGroup;
			children = (
				11DFD41722432C8F00DEFCB5 /* RestaurantListViewController.swift */,
				11856598224C72F200180F71 /* RestaurantList.storyboard */,
				110E9FA1225459C0003CC707 /* RestaurantCell.swift */,
				110E9FA3225598E2003CC707 /* RestaurantDataManager.swift */,
			);
			path = Restaurants;
			sourceTree = "<group>";
		};
		11DFD41A2244804E00DEFCB5 /* Locations */ = {
			isa = PBXGroup;
			children = (
				11DFD41D2244807700DEFCB5 /* Model */,
				11DFD41C2244807100DEFCB5 /* View */,
				11DFD41B2244806700DEFCB5 /* Controller */,
				1185659A224C731D00180F71 /* Locations.storyboard */,
			);
			path = Locations;
			sourceTree = "<group>";
		};
		11DFD41B2244806700DEFCB5 /* Controller */ = {
			isa = PBXGroup;
			children = (
				11DFD41E2244814C00DEFCB5 /* LocationViewController.swift */,
			);
			path = Controller;
			sourceTree = "<group>";
		};
		11DFD41C2244807100DEFCB5 /* View */ = {
			isa = PBXGroup;
			children = (
			);
			path = View;
			sourceTree = "<group>";
		};
		11DFD41D2244807700DEFCB5 /* Model */ = {
			isa = PBXGroup;
			children = (
				11EFAF7E22448AA10077B2FA /* Locations.plist */,
				11EFAF8022448B140077B2FA /* LocationDataManager.swift */,
				110E9F9D2251AAE9003CC707 /* LocationItem.swift */,
			);
			path = Model;
			sourceTree = "<group>";
		};
		11EFAF822245715F0077B2FA /* Map */ = {
			isa = PBXGroup;
			children = (
				11EFAF8D2245E0C80077B2FA /* Controller */,
				11EFAF83224578EA0077B2FA /* Model */,
				11856591224C6B8500180F71 /* Map.storyboard */,
			);
			path = Map;
			sourceTree = "<group>";
		};
		11EFAF83224578EA0077B2FA /* Model */ = {
			isa = PBXGroup;
			children = (
				11EFAF862245D80E0077B2FA /* MapLocations.plist */,
				11EFAF84224579110077B2FA /* RestaurantItem.swift */,
				11EFAF882245D8430077B2FA /* MapDataManager.swift */,
			);
			path = Model;
			sourceTree = "<group>";
		};
		11EFAF8A2245DC740077B2FA /* Common */ = {
			isa = PBXGroup;
			children = (
				1185658D224C68F300180F71 /* Misc */,
				11EFAF8B2245DCA20077B2FA /* DataManager.swift */,
			);
			path = Common;
			sourceTree = "<group>";
		};
		11EFAF8D2245E0C80077B2FA /* Controller */ = {
			isa = PBXGroup;
			children = (
				11EFAF8E2245E0EC0077B2FA /* MapViewController.swift */,
			);
			path = Controller;
			sourceTree = "<group>";
		};
/* End PBXGroup section */

/* Begin PBXNativeTarget section */
		11094E7C22320770001C58C7 /* EatEat */ = {
			isa = PBXNativeTarget;
			buildConfigurationList = 11094E8F22320771001C58C7 /* Build configuration list for PBXNativeTarget "EatEat" */;
			buildPhases = (
				11094E7922320770001C58C7 /* Sources */,
				11094E7A22320770001C58C7 /* Frameworks */,
				11094E7B22320770001C58C7 /* Resources */,
			);
			buildRules = (
			);
			dependencies = (
			);
			name = EatEat;
			productName = EatEat;
			productReference = 11094E7D22320770001C58C7 /* EatEat.app */;
			productType = "com.apple.product-type.application";
		};
/* End PBXNativeTarget section */

/* Begin PBXProject section */
		11094E7522320770001C58C7 /* Project object */ = {
			isa = PBXProject;
			attributes = {
				LastSwiftUpdateCheck = 1010;
				LastUpgradeCheck = 1010;
				ORGANIZATIONNAME = Six;
				TargetAttributes = {
					11094E7C22320770001C58C7 = {
						CreatedOnToolsVersion = 10.1;
					};
				};
			};
			buildConfigurationList = 11094E7822320770001C58C7 /* Build configuration list for PBXProject "EatEat" */;
			compatibilityVersion = "Xcode 9.3";
			developmentRegion = en;
			hasScannedForEncodings = 0;
			knownRegions = (
				en,
				Base,
			);
			mainGroup = 11094E7422320770001C58C7;
			productRefGroup = 11094E7E22320770001C58C7 /* Products */;
			projectDirPath = "";
			projectRoot = "";
			targets = (
				11094E7C22320770001C58C7 /* EatEat */,
			);
		};
/* End PBXProject section */

/* Begin PBXResourcesBuildPhase section */
		11094E7B22320770001C58C7 /* Resources */ = {
			isa = PBXResourcesBuildPhase;
			buildActionMask = 2147483647;
			files = (
				11856594224C6BC400180F71 /* Explore.storyboard in Resources */,
				110E9F8E22515189003CC707 /* Miami.json in Resources */,
				11DFD40B22431AC800DEFCB5 /* ExploreData.plist in Resources */,
				110E9FA92255A755003CC707 /* NoDataView.xib in Resources */,
				11856592224C6B8500180F71 /* Map.storyboard in Resources */,
				1185659B224C731D00180F71 /* Locations.storyboard in Resources */,
				11094E8B22320771001C58C7 /* LaunchScreen.storyboard in Resources */,
				110E9F9322515189003CC707 /* New York.json in Resources */,
				110E9F9022515189003CC707 /* Los Angeles.json in Resources */,
				110E9F9422515189003CC707 /* San Antonio.json in Resources */,
				11094E9322320CAD001C58C7 /* Assets.xcassets in Resources */,
				110E9F9822515189003CC707 /* Chicago.json in Resources */,
				11EFAF7F22448AA10077B2FA /* Locations.plist in Resources */,
				11EFAF872245D80E0077B2FA /* MapLocations.plist in Resources */,
				110E9F9122515189003CC707 /* Charleston.json in Resources */,
				110E9F9622515189003CC707 /* Aspen.json in Resources */,
				110E9F9722515189003CC707 /* Houston.json in Resources */,
				110E9F9222515189003CC707 /* Las Vegas.json in Resources */,
				110E9F8D22515189003CC707 /* San Francisco.json in Resources */,
				11856597224C6C0000180F71 /* RestaurantDetail.storyboard in Resources */,
				110E9F9522515189003CC707 /* Boston.json in Resources */,
				11094E8622320770001C58C7 /* Main.storyboard in Resources */,
				110E9F9A22515189003CC707 /* Portland.json in Resources */,
				110E9F8F22515189003CC707 /* New Orleans.json in Resources */,
				110E9F9922515189003CC707 /* Philadelphia.json in Resources */,
				11856599224C72F200180F71 /* RestaurantList.storyboard in Resources */,
			);
			runOnlyForDeploymentPostprocessing = 0;
		};
/* End PBXResourcesBuildPhase section */

/* Begin PBXSourcesBuildPhase section */
		11094E7922320770001C58C7 /* Sources */ = {
			isa = PBXSourcesBuildPhase;
			buildActionMask = 2147483647;
			files = (
				110E9FA2225459C0003CC707 /* RestaurantCell.swift in Sources */,
				110E9FAC225D6C9C003CC707 /* RatingsView.swift in Sources */,
				11856590224C690E00180F71 /* Segue.swift in Sources */,
				11DFD41F2244814C00DEFCB5 /* LocationViewController.swift in Sources */,
				11DFD4132243253900DEFCB5 /* ExploreCell.swift in Sources */,
				11EFAF8122448B140077B2FA /* LocationDataManager.swift in Sources */,
				110E9FA72255A6F6003CC707 /* NoDataView.swift in Sources */,
				11094E96223888B5001C58C7 /* ExploreViewController.swift in Sources */,
				110E9F9E2251AAE9003CC707 /* LocationItem.swift in Sources */,
				11EFAF892245D8430077B2FA /* MapDataManager.swift in Sources */,
				11EFAF85224579110077B2FA /* RestaurantItem.swift in Sources */,
				11DFD41822432C8F00DEFCB5 /* RestaurantListViewController.swift in Sources */,
				110E9FA02252E86E003CC707 /* ExploreHeaderView.swift in Sources */,
				110E9F9C2251A695003CC707 /* RestaurantAPIManager.swift in Sources */,
				11EFAF8F2245E0EC0077B2FA /* MapViewController.swift in Sources */,
				11DFD40D22431B2100DEFCB5 /* ExploreItem.swift in Sources */,
				11EFAF8C2245DCA20077B2FA /* DataManager.swift in Sources */,
				11DFD40F22431E8900DEFCB5 /* ExploreDataManager.swift in Sources */,
				118FE0C3224DB3A700BFAB1D /* RestaurantDetailViewController.swift in Sources */,
				110E9FA4225598E2003CC707 /* RestaurantDataManager.swift in Sources */,
				11094E8122320770001C58C7 /* AppDelegate.swift in Sources */,
			);
			runOnlyForDeploymentPostprocessing = 0;
		};
/* End PBXSourcesBuildPhase section */

/* Begin PBXVariantGroup section */
		11094E8422320770001C58C7 /* Main.storyboard */ = {
			isa = PBXVariantGroup;
			children = (
				11094E8522320770001C58C7 /* Base */,
			);
			name = Main.storyboard;
			sourceTree = "<group>";
		};
		11094E8922320771001C58C7 /* LaunchScreen.storyboard */ = {
			isa = PBXVariantGroup;
			children = (
				11094E8A22320771001C58C7 /* Base */,
			);
			name = LaunchScreen.storyboard;
			sourceTree = "<group>";
		};
/* End PBXVariantGroup section */

/* Begin XCBuildConfiguration section */
		11094E8D22320771001C58C7 /* Debug */ = {
			isa = XCBuildConfiguration;
			buildSettings = {
				ALWAYS_SEARCH_USER_PATHS = NO;
				CLANG_ANALYZER_NONNULL = YES;
				CLANG_ANALYZER_NUMBER_OBJECT_CONVERSION = YES_AGGRESSIVE;
				CLANG_CXX_LANGUAGE_STANDARD = "gnu++14";
				CLANG_CXX_LIBRARY = "libc++";
				CLANG_ENABLE_MODULES = YES;
				CLANG_ENABLE_OBJC_ARC = YES;
				CLANG_ENABLE_OBJC_WEAK = YES;
				CLANG_WARN_BLOCK_CAPTURE_AUTORELEASING = YES;
				CLANG_WARN_BOOL_CONVERSION = YES;
				CLANG_WARN_COMMA = YES;
				CLANG_WARN_CONSTANT_CONVERSION = YES;
				CLANG_WARN_DEPRECATED_OBJC_IMPLEMENTATIONS = YES;
				CLANG_WARN_DIRECT_OBJC_ISA_USAGE = YES_ERROR;
				CLANG_WARN_DOCUMENTATION_COMMENTS = YES;
				CLANG_WARN_EMPTY_BODY = YES;
				CLANG_WARN_ENUM_CONVERSION = YES;
				CLANG_WARN_INFINITE_RECURSION = YES;
				CLANG_WARN_INT_CONVERSION = YES;
				CLANG_WARN_NON_LITERAL_NULL_CONVERSION = YES;
				CLANG_WARN_OBJC_IMPLICIT_RETAIN_SELF = YES;
				CLANG_WARN_OBJC_LITERAL_CONVERSION = YES;
				CLANG_WARN_OBJC_ROOT_CLASS = YES_ERROR;
				CLANG_WARN_RANGE_LOOP_ANALYSIS = YES;
				CLANG_WARN_STRICT_PROTOTYPES = YES;
				CLANG_WARN_SUSPICIOUS_MOVE = YES;
				CLANG_WARN_UNGUARDED_AVAILABILITY = YES_AGGRESSIVE;
				CLANG_WARN_UNREACHABLE_CODE = YES;
				CLANG_WARN__DUPLICATE_METHOD_MATCH = YES;
				CODE_SIGN_IDENTITY = "iPhone Developer";
				COPY_PHASE_STRIP = NO;
				DEBUG_INFORMATION_FORMAT = dwarf;
				ENABLE_STRICT_OBJC_MSGSEND = YES;
				ENABLE_TESTABILITY = YES;
				GCC_C_LANGUAGE_STANDARD = gnu11;
				GCC_DYNAMIC_NO_PIC = NO;
				GCC_NO_COMMON_BLOCKS = YES;
				GCC_OPTIMIZATION_LEVEL = 0;
				GCC_PREPROCESSOR_DEFINITIONS = (
					"DEBUG=1",
					"$(inherited)",
				);
				GCC_WARN_64_TO_32_BIT_CONVERSION = YES;
				GCC_WARN_ABOUT_RETURN_TYPE = YES_ERROR;
				GCC_WARN_UNDECLARED_SELECTOR = YES;
				GCC_WARN_UNINITIALIZED_AUTOS = YES_AGGRESSIVE;
				GCC_WARN_UNUSED_FUNCTION = YES;
				GCC_WARN_UNUSED_VARIABLE = YES;
				IPHONEOS_DEPLOYMENT_TARGET = 12.1;
				MTL_ENABLE_DEBUG_INFO = INCLUDE_SOURCE;
				MTL_FAST_MATH = YES;
				ONLY_ACTIVE_ARCH = YES;
				SDKROOT = iphoneos;
				SWIFT_ACTIVE_COMPILATION_CONDITIONS = DEBUG;
				SWIFT_OPTIMIZATION_LEVEL = "-Onone";
			};
			name = Debug;
		};
		11094E8E22320771001C58C7 /* Release */ = {
			isa = XCBuildConfiguration;
			buildSettings = {
				ALWAYS_SEARCH_USER_PATHS = NO;
				CLANG_ANALYZER_NONNULL = YES;
				CLANG_ANALYZER_NUMBER_OBJECT_CONVERSION = YES_AGGRESSIVE;
				CLANG_CXX_LANGUAGE_STANDARD = "gnu++14";
				CLANG_CXX_LIBRARY = "libc++";
				CLANG_ENABLE_MODULES = YES;
				CLANG_ENABLE_OBJC_ARC = YES;
				CLANG_ENABLE_OBJC_WEAK = YES;
				CLANG_WARN_BLOCK_CAPTURE_AUTORELEASING = YES;
				CLANG_WARN_BOOL_CONVERSION = YES;
				CLANG_WARN_COMMA = YES;
				CLANG_WARN_CONSTANT_CONVERSION = YES;
				CLANG_WARN_DEPRECATED_OBJC_IMPLEMENTATIONS = YES;
				CLANG_WARN_DIRECT_OBJC_ISA_USAGE = YES_ERROR;
				CLANG_WARN_DOCUMENTATION_COMMENTS = YES;
				CLANG_WARN_EMPTY_BODY = YES;
				CLANG_WARN_ENUM_CONVERSION = YES;
				CLANG_WARN_INFINITE_RECURSION = YES;
				CLANG_WARN_INT_CONVERSION = YES;
				CLANG_WARN_NON_LITERAL_NULL_CONVERSION = YES;
				CLANG_WARN_OBJC_IMPLICIT_RETAIN_SELF = YES;
				CLANG_WARN_OBJC_LITERAL_CONVERSION = YES;
				CLANG_WARN_OBJC_ROOT_CLASS = YES_ERROR;
				CLANG_WARN_RANGE_LOOP_ANALYSIS = YES;
				CLANG_WARN_STRICT_PROTOTYPES = YES;
				CLANG_WARN_SUSPICIOUS_MOVE = YES;
				CLANG_WARN_UNGUARDED_AVAILABILITY = YES_AGGRESSIVE;
				CLANG_WARN_UNREACHABLE_CODE = YES;
				CLANG_WARN__DUPLICATE_METHOD_MATCH = YES;
				CODE_SIGN_IDENTITY = "iPhone Developer";
				COPY_PHASE_STRIP = NO;
				DEBUG_INFORMATION_FORMAT = "dwarf-with-dsym";
				ENABLE_NS_ASSERTIONS = NO;
				ENABLE_STRICT_OBJC_MSGSEND = YES;
				GCC_C_LANGUAGE_STANDARD = gnu11;
				GCC_NO_COMMON_BLOCKS = YES;
				GCC_WARN_64_TO_32_BIT_CONVERSION = YES;
				GCC_WARN_ABOUT_RETURN_TYPE = YES_ERROR;
				GCC_WARN_UNDECLARED_SELECTOR = YES;
				GCC_WARN_UNINITIALIZED_AUTOS = YES_AGGRESSIVE;
				GCC_WARN_UNUSED_FUNCTION = YES;
				GCC_WARN_UNUSED_VARIABLE = YES;
				IPHONEOS_DEPLOYMENT_TARGET = 12.1;
				MTL_ENABLE_DEBUG_INFO = NO;
				MTL_FAST_MATH = YES;
				SDKROOT = iphoneos;
				SWIFT_COMPILATION_MODE = wholemodule;
				SWIFT_OPTIMIZATION_LEVEL = "-O";
				VALIDATE_PRODUCT = YES;
			};
			name = Release;
		};
		11094E9022320771001C58C7 /* Debug */ = {
			isa = XCBuildConfiguration;
			buildSettings = {
				ASSETCATALOG_COMPILER_APPICON_NAME = AppIcon;
				CODE_SIGN_STYLE = Automatic;
				INFOPLIST_FILE = EatEat/Info.plist;
				LD_RUNPATH_SEARCH_PATHS = (
					"$(inherited)",
					"@executable_path/Frameworks",
				);
				PRODUCT_BUNDLE_IDENTIFIER = six.ca.EatEat;
				PRODUCT_NAME = "$(TARGET_NAME)";
				SWIFT_VERSION = 4.2;
				TARGETED_DEVICE_FAMILY = "1,2";
			};
			name = Debug;
		};
		11094E9122320771001C58C7 /* Release */ = {
			isa = XCBuildConfiguration;
			buildSettings = {
				ASSETCATALOG_COMPILER_APPICON_NAME = AppIcon;
				CODE_SIGN_STYLE = Automatic;
				INFOPLIST_FILE = EatEat/Info.plist;
				LD_RUNPATH_SEARCH_PATHS = (
					"$(inherited)",
					"@executable_path/Frameworks",
				);
				PRODUCT_BUNDLE_IDENTIFIER = six.ca.EatEat;
				PRODUCT_NAME = "$(TARGET_NAME)";
				SWIFT_VERSION = 4.2;
				TARGETED_DEVICE_FAMILY = "1,2";
			};
			name = Release;
		};
/* End XCBuildConfiguration section */

/* Begin XCConfigurationList section */
		11094E7822320770001C58C7 /* Build configuration list for PBXProject "EatEat" */ = {
			isa = XCConfigurationList;
			buildConfigurations = (
				11094E8D22320771001C58C7 /* Debug */,
				11094E8E22320771001C58C7 /* Release */,
			);
			defaultConfigurationIsVisible = 0;
			defaultConfigurationName = Release;
		};
		11094E8F22320771001C58C7 /* Build configuration list for PBXNativeTarget "EatEat" */ = {
			isa = XCConfigurationList;
			buildConfigurations = (
				11094E9022320771001C58C7 /* Debug */,
				11094E9122320771001C58C7 /* Release */,
			);
			defaultConfigurationIsVisible = 0;
			defaultConfigurationName = Release;
		};
/* End XCConfigurationList section */
	};
	rootObject = 11094E7522320770001C58C7 /* Project object */;
}
